// !$*UTF8*$!
{
	archiveVersion = 1;
	classes = {
	};
	objectVersion = 46;
	objects = {

/* Begin PBXBuildFile section */
		4AE916021E8E8CBF0094D9C5 /* AppDelegate.swift in Sources */ = {isa = PBXBuildFile; fileRef = 4AE915FA1E8E8CBF0094D9C5 /* AppDelegate.swift */; };
		4AE916031E8E8CBF0094D9C5 /* LaunchScreen.storyboard in Resources */ = {isa = PBXBuildFile; fileRef = 4AE915FC1E8E8CBF0094D9C5 /* LaunchScreen.storyboard */; };
		4AE916041E8E8CBF0094D9C5 /* Main.storyboard in Resources */ = {isa = PBXBuildFile; fileRef = 4AE915FD1E8E8CBF0094D9C5 /* Main.storyboard */; };
		4AE916051E8E8CBF0094D9C5 /* Assets.xcassets in Resources */ = {isa = PBXBuildFile; fileRef = 4AE915FF1E8E8CBF0094D9C5 /* Assets.xcassets */; };
		4AE916061E8E8CBF0094D9C5 /* Info.plist in Resources */ = {isa = PBXBuildFile; fileRef = 4AE916011E8E8CBF0094D9C5 /* Info.plist */; };
		4AE916081E8E8CDD0094D9C5 /* Constants.swift in Sources */ = {isa = PBXBuildFile; fileRef = 4AE916071E8E8CDD0094D9C5 /* Constants.swift */; };
		4AE9160A1E8E8CFB0094D9C5 /* Blocks.swift in Sources */ = {isa = PBXBuildFile; fileRef = 4AE916091E8E8CFB0094D9C5 /* Blocks.swift */; };
/* End PBXBuildFile section */

/* Begin PBXFileReference section */
		4AE915E31E8E8C2E0094D9C5 /* utair.app */ = {isa = PBXFileReference; explicitFileType = wrapper.application; includeInIndex = 0; path = utair.app; sourceTree = BUILT_PRODUCTS_DIR; };
		4AE915FA1E8E8CBF0094D9C5 /* AppDelegate.swift */ = {isa = PBXFileReference; fileEncoding = 4; lastKnownFileType = sourcecode.swift; path = AppDelegate.swift; sourceTree = "<group>"; };
		4AE915FC1E8E8CBF0094D9C5 /* LaunchScreen.storyboard */ = {isa = PBXFileReference; fileEncoding = 4; lastKnownFileType = file.storyboard; path = LaunchScreen.storyboard; sourceTree = "<group>"; };
		4AE915FD1E8E8CBF0094D9C5 /* Main.storyboard */ = {isa = PBXFileReference; fileEncoding = 4; lastKnownFileType = file.storyboard; path = Main.storyboard; sourceTree = "<group>"; };
		4AE915FF1E8E8CBF0094D9C5 /* Assets.xcassets */ = {isa = PBXFileReference; lastKnownFileType = folder.assetcatalog; path = Assets.xcassets; sourceTree = "<group>"; };
		4AE916011E8E8CBF0094D9C5 /* Info.plist */ = {isa = PBXFileReference; fileEncoding = 4; lastKnownFileType = text.plist.xml; path = Info.plist; sourceTree = "<group>"; };
		4AE916071E8E8CDD0094D9C5 /* Constants.swift */ = {isa = PBXFileReference; fileEncoding = 4; lastKnownFileType = sourcecode.swift; path = Constants.swift; sourceTree = "<group>"; };
		4AE916091E8E8CFB0094D9C5 /* Blocks.swift */ = {isa = PBXFileReference; fileEncoding = 4; lastKnownFileType = sourcecode.swift; path = Blocks.swift; sourceTree = "<group>"; };
/* End PBXFileReference section */

/* Begin PBXFrameworksBuildPhase section */
		4AE915E01E8E8C2E0094D9C5 /* Frameworks */ = {
			isa = PBXFrameworksBuildPhase;
			buildActionMask = 2147483647;
			files = (
			);
			runOnlyForDeploymentPostprocessing = 0;
		};
/* End PBXFrameworksBuildPhase section */

/* Begin PBXGroup section */
		4AE915DA1E8E8C2E0094D9C5 = {
			isa = PBXGroup;
			children = (
				4AE915E51E8E8C2E0094D9C5 /* utair */,
				4AE915E41E8E8C2E0094D9C5 /* Products */,
			);
			sourceTree = "<group>";
		};
		4AE915E41E8E8C2E0094D9C5 /* Products */ = {
			isa = PBXGroup;
			children = (
				4AE915E31E8E8C2E0094D9C5 /* utair.app */,
			);
			name = Products;
			sourceTree = "<group>";
		};
		4AE915E51E8E8C2E0094D9C5 /* utair */ = {
			isa = PBXGroup;
			children = (
				4AE915F81E8E8CBF0094D9C5 /* Classes */,
				4AE915FE1E8E8CBF0094D9C5 /* Resources */,
				4AE916001E8E8CBF0094D9C5 /* SupportingFiles */,
			);
			path = utair;
			sourceTree = "<group>";
		};
		4AE915F81E8E8CBF0094D9C5 /* Classes */ = {
			isa = PBXGroup;
			children = (
				4AE915F91E8E8CBF0094D9C5 /* Application */,
				4AE915FB1E8E8CBF0094D9C5 /* Presentation */,
			);
			path = Classes;
			sourceTree = "<group>";
		};
		4AE915F91E8E8CBF0094D9C5 /* Application */ = {
			isa = PBXGroup;
			children = (
				4AE915FA1E8E8CBF0094D9C5 /* AppDelegate.swift */,
				4AE916091E8E8CFB0094D9C5 /* Blocks.swift */,
				4AE916071E8E8CDD0094D9C5 /* Constants.swift */,
			);
			path = Application;
			sourceTree = "<group>";
		};
		4AE915FB1E8E8CBF0094D9C5 /* Presentation */ = {
			isa = PBXGroup;
			children = (
				4AE915FD1E8E8CBF0094D9C5 /* Main.storyboard */,
				4AE915FC1E8E8CBF0094D9C5 /* LaunchScreen.storyboard */,
			);
			path = Presentation;
			sourceTree = "<group>";
		};
		4AE915FE1E8E8CBF0094D9C5 /* Resources */ = {
			isa = PBXGroup;
			children = (
				4AE915FF1E8E8CBF0094D9C5 /* Assets.xcassets */,
			);
			path = Resources;
			sourceTree = "<group>";
		};
		4AE916001E8E8CBF0094D9C5 /* SupportingFiles */ = {
			isa = PBXGroup;
			children = (
				4AE916011E8E8CBF0094D9C5 /* Info.plist */,
			);
			path = SupportingFiles;
			sourceTree = "<group>";
		};
/* End PBXGroup section */

/* Begin PBXNativeTarget section */
		4AE915E21E8E8C2E0094D9C5 /* utair */ = {
			isa = PBXNativeTarget;
			buildConfigurationList = 4AE915F51E8E8C2E0094D9C5 /* Build configuration list for PBXNativeTarget "utair" */;
			buildPhases = (
				4AE915DF1E8E8C2E0094D9C5 /* Sources */,
				4AE915E01E8E8C2E0094D9C5 /* Frameworks */,
				4AE915E11E8E8C2E0094D9C5 /* Resources */,
			);
			buildRules = (
			);
			dependencies = (
			);
			name = utair;
			productName = utair;
			productReference = 4AE915E31E8E8C2E0094D9C5 /* utair.app */;
			productType = "com.apple.product-type.application";
		};
/* End PBXNativeTarget section */

/* Begin PBXProject section */
		4AE915DB1E8E8C2E0094D9C5 /* Project object */ = {
			isa = PBXProject;
			attributes = {
				LastSwiftUpdateCheck = 0830;
				LastUpgradeCheck = 0830;
				ORGANIZATIONNAME = teedee;
				TargetAttributes = {
					4AE915E21E8E8C2E0094D9C5 = {
						CreatedOnToolsVersion = 8.3;
						DevelopmentTeam = QYFE8U765U;
						ProvisioningStyle = Automatic;
					};
				};
			};
			buildConfigurationList = 4AE915DE1E8E8C2E0094D9C5 /* Build configuration list for PBXProject "utair" */;
			compatibilityVersion = "Xcode 3.2";
			developmentRegion = English;
			hasScannedForEncodings = 0;
			knownRegions = (
				en,
				Base,
			);
			mainGroup = 4AE915DA1E8E8C2E0094D9C5;
			productRefGroup = 4AE915E41E8E8C2E0094D9C5 /* Products */;
			projectDirPath = "";
			projectRoot = "";
			targets = (
				4AE915E21E8E8C2E0094D9C5 /* utair */,
			);
		};
/* End PBXProject section */

/* Begin PBXResourcesBuildPhase section */
		4AE915E11E8E8C2E0094D9C5 /* Resources */ = {
			isa = PBXResourcesBuildPhase;
			buildActionMask = 2147483647;
			files = (
				4AE916061E8E8CBF0094D9C5 /* Info.plist in Resources */,
				4AE916031E8E8CBF0094D9C5 /* LaunchScreen.storyboard in Resources */,
				4AE916051E8E8CBF0094D9C5 /* Assets.xcassets in Resources */,
				4AE916041E8E8CBF0094D9C5 /* Main.storyboard in Resources */,
			);
			runOnlyForDeploymentPostprocessing = 0;
		};
/* End PBXResourcesBuildPhase section */

/* Begin PBXSourcesBuildPhase section */
		4AE915DF1E8E8C2E0094D9C5 /* Sources */ = {
			isa = PBXSourcesBuildPhase;
			buildActionMask = 2147483647;
			files = (
				4AE9160A1E8E8CFB0094D9C5 /* Blocks.swift in Sources */,
				4AE916021E8E8CBF0094D9C5 /* AppDelegate.swift in Sources */,
				4AE916081E8E8CDD0094D9C5 /* Constants.swift in Sources */,
			);
			runOnlyForDeploymentPostprocessing = 0;
		};
/* End PBXSourcesBuildPhase section */

/* Begin XCBuildConfiguration section */
		4AE915F31E8E8C2E0094D9C5 /* Debug */ = {
			isa = XCBuildConfiguration;
			buildSettings = {
				ALWAYS_SEARCH_USER_PATHS = NO;
				CLANG_ANALYZER_NONNULL = YES;
				CLANG_ANALYZER_NUMBER_OBJECT_CONVERSION = YES_AGGRESSIVE;
				CLANG_CXX_LANGUAGE_STANDARD = "gnu++0x";
				CLANG_CXX_LIBRARY = "libc++";
				CLANG_ENABLE_MODULES = YES;
				CLANG_ENABLE_OBJC_ARC = YES;
				CLANG_WARN_BOOL_CONVERSION = YES;
				CLANG_WARN_CONSTANT_CONVERSION = YES;
				CLANG_WARN_DIRECT_OBJC_ISA_USAGE = YES_ERROR;
				CLANG_WARN_DOCUMENTATION_COMMENTS = YES;
				CLANG_WARN_EMPTY_BODY = YES;
				CLANG_WARN_ENUM_CONVERSION = YES;
				CLANG_WARN_INFINITE_RECURSION = YES;
				CLANG_WARN_INT_CONVERSION = YES;
				CLANG_WARN_OBJC_ROOT_CLASS = YES_ERROR;
				CLANG_WARN_SUSPICIOUS_MOVE = YES;
				CLANG_WARN_UNREACHABLE_CODE = YES;
				CLANG_WARN__DUPLICATE_METHOD_MATCH = YES;
				"CODE_SIGN_IDENTITY[sdk=iphoneos*]" = "iPhone Developer";
				COPY_PHASE_STRIP = NO;
				DEBUG_INFORMATION_FORMAT = dwarf;
				ENABLE_STRICT_OBJC_MSGSEND = YES;
				ENABLE_TESTABILITY = YES;
				GCC_C_LANGUAGE_STANDARD = gnu99;
				GCC_DYNAMIC_NO_PIC = NO;
				GCC_NO_COMMON_BLOCKS = YES;
				GCC_OPTIMIZATION_LEVEL = 0;
				GCC_PREPROCESSOR_DEFINITIONS = (
					"DEBUG=1",
					"$(inherited)",
				);
				GCC_WARN_64_TO_32_BIT_CONVERSION = YES;
				GCC_WARN_ABOUT_RETURN_TYPE = YES_ERROR;
				GCC_WARN_UNDECLARED_SELECTOR = YES;
				GCC_WARN_UNINITIALIZED_AUTOS = YES_AGGRESSIVE;
				GCC_WARN_UNUSED_FUNCTION = YES;
				GCC_WARN_UNUSED_VARIABLE = YES;
				IPHONEOS_DEPLOYMENT_TARGET = 10.3;
				MTL_ENABLE_DEBUG_INFO = YES;
				ONLY_ACTIVE_ARCH = YES;
				SDKROOT = iphoneos;
				SWIFT_ACTIVE_COMPILATION_CONDITIONS = DEBUG;
				SWIFT_OPTIMIZATION_LEVEL = "-Onone";
			};
			name = Debug;
		};
		4AE915F41E8E8C2E0094D9C5 /* Release */ = {
			isa = XCBuildConfiguration;
			buildSettings = {
				ALWAYS_SEARCH_USER_PATHS = NO;
				CLANG_ANALYZER_NONNULL = YES;
				CLANG_ANALYZER_NUMBER_OBJECT_CONVERSION = YES_AGGRESSIVE;
				CLANG_CXX_LANGUAGE_STANDARD = "gnu++0x";
				CLANG_CXX_LIBRARY = "libc++";
				CLANG_ENABLE_MODULES = YES;
				CLANG_ENABLE_OBJC_ARC = YES;
				CLANG_WARN_BOOL_CONVERSION = YES;
				CLANG_WARN_CONSTANT_CONVERSION = YES;
				CLANG_WARN_DIRECT_OBJC_ISA_USAGE = YES_ERROR;
				CLANG_WARN_DOCUMENTATION_COMMENTS = YES;
				CLANG_WARN_EMPTY_BODY = YES;
				CLANG_WARN_ENUM_CONVERSION = YES;
				CLANG_WARN_INFINITE_RECURSION = YES;
				CLANG_WARN_INT_CONVERSION = YES;
				CLANG_WARN_OBJC_ROOT_CLASS = YES_ERROR;
				CLANG_WARN_SUSPICIOUS_MOVE = YES;
				CLANG_WARN_UNREACHABLE_CODE = YES;
				CLANG_WARN__DUPLICATE_METHOD_MATCH = YES;
				"CODE_SIGN_IDENTITY[sdk=iphoneos*]" = "iPhone Developer";
				COPY_PHASE_STRIP = NO;
				DEBUG_INFORMATION_FORMAT = "dwarf-with-dsym";
				ENABLE_NS_ASSERTIONS = NO;
				ENABLE_STRICT_OBJC_MSGSEND = YES;
				GCC_C_LANGUAGE_STANDARD = gnu99;
				GCC_NO_COMMON_BLOCKS = YES;
				GCC_WARN_64_TO_32_BIT_CONVERSION = YES;
				GCC_WARN_ABOUT_RETURN_TYPE = YES_ERROR;
				GCC_WARN_UNDECLARED_SELECTOR = YES;
				GCC_WARN_UNINITIALIZED_AUTOS = YES_AGGRESSIVE;
				GCC_WARN_UNUSED_FUNCTION = YES;
				GCC_WARN_UNUSED_VARIABLE = YES;
				IPHONEOS_DEPLOYMENT_TARGET = 10.3;
				MTL_ENABLE_DEBUG_INFO = NO;
				SDKROOT = iphoneos;
				SWIFT_OPTIMIZATION_LEVEL = "-Owholemodule";
				VALIDATE_PRODUCT = YES;
			};
			name = Release;
		};
		4AE915F61E8E8C2E0094D9C5 /* Debug */ = {
			isa = XCBuildConfiguration;
			buildSettings = {
				ASSETCATALOG_COMPILER_APPICON_NAME = AppIcon;
				DEVELOPMENT_TEAM = QYFE8U765U;
				INFOPLIST_FILE = utair/Info.plist;
				LD_RUNPATH_SEARCH_PATHS = "$(inherited) @executable_path/Frameworks";
				PRODUCT_BUNDLE_IDENTIFIER = ru.teedee.utair;
				PRODUCT_NAME = "$(TARGET_NAME)";
				SWIFT_VERSION = 3.0;
			};
			name = Debug;
		};
		4AE915F71E8E8C2E0094D9C5 /* Release */ = {
			isa = XCBuildConfiguration;
			buildSettings = {
				ASSETCATALOG_COMPILER_APPICON_NAME = AppIcon;
				DEVELOPMENT_TEAM = QYFE8U765U;
				INFOPLIST_FILE = utair/Info.plist;
				LD_RUNPATH_SEARCH_PATHS = "$(inherited) @executable_path/Frameworks";
				PRODUCT_BUNDLE_IDENTIFIER = ru.teedee.utair;
				PRODUCT_NAME = "$(TARGET_NAME)";
				SWIFT_VERSION = 3.0;
			};
			name = Release;
		};
/* End XCBuildConfiguration section */

/* Begin XCConfigurationList section */
		4AE915DE1E8E8C2E0094D9C5 /* Build configuration list for PBXProject "utair" */ = {
			isa = XCConfigurationList;
			buildConfigurations = (
				4AE915F31E8E8C2E0094D9C5 /* Debug */,
				4AE915F41E8E8C2E0094D9C5 /* Release */,
			);
			defaultConfigurationIsVisible = 0;
			defaultConfigurationName = Release;
		};
		4AE915F51E8E8C2E0094D9C5 /* Build configuration list for PBXNativeTarget "utair" */ = {
			isa = XCConfigurationList;
			buildConfigurations = (
				4AE915F61E8E8C2E0094D9C5 /* Debug */,
				4AE915F71E8E8C2E0094D9C5 /* Release */,
			);
			defaultConfigurationIsVisible = 0;
		};
/* End XCConfigurationList section */
	};
	rootObject = 4AE915DB1E8E8C2E0094D9C5 /* Project object */;
}
