// !$*UTF8*$!
{
	archiveVersion = 1;
	classes = {
	};
	objectVersion = 46;
	objects = {

/* Begin PBXBuildFile section */
		02C075BAD34A5B8556FE827E /* CityModuleConfigurator.swift in Sources */ = {isa = PBXBuildFile; fileRef = E43B2338E4C4AD81A6A12656 /* CityModuleConfigurator.swift */; };
		0DB4F6FF2B233469F162A9E0 /* CityRequest.swift in Sources */ = {isa = PBXBuildFile; fileRef = 5F1947690F937E7D94A588A2 /* CityRequest.swift */; };
		0F69DBD0FAA48E2127522197 /* CityNetworkDataProviderAssemblyImpl.swift in Sources */ = {isa = PBXBuildFile; fileRef = 32A7F831138BC425CB5395DC /* CityNetworkDataProviderAssemblyImpl.swift */; };
		0F80524A8030606562BDDA76 /* CityMapper.swift in Sources */ = {isa = PBXBuildFile; fileRef = D8E03284A30C7802D79AE216 /* CityMapper.swift */; };
		17B119023DFD34E8978C2EB4 /* CityModuleInitializer.swift in Sources */ = {isa = PBXBuildFile; fileRef = EAE29B91884347E532ECDF54 /* CityModuleInitializer.swift */; };
		1805118F546AAA73DDA9A059 /* FlightModuleInput.swift in Sources */ = {isa = PBXBuildFile; fileRef = 2B674FF4E72AEE9D371E8A15 /* FlightModuleInput.swift */; };
		288F50E7243D1BCA5EF640D2 /* CityInteractorOutput.swift in Sources */ = {isa = PBXBuildFile; fileRef = 4A47080E9752968B7DB03789 /* CityInteractorOutput.swift */; };
		28D5BE6D99A33F21B3988539 /* CityNetworkDataProviderAssembly.swift in Sources */ = {isa = PBXBuildFile; fileRef = 634F41761C624D4B5DD807B2 /* CityNetworkDataProviderAssembly.swift */; };
		2C1703E9C4C58C60D8C56312 /* FlightRouterInput.swift in Sources */ = {isa = PBXBuildFile; fileRef = 631B6767DD84D9DA4BE46872 /* FlightRouterInput.swift */; };
		2C5F2D3809787A4549FA0AB9 /* CityServiceImpl.swift in Sources */ = {isa = PBXBuildFile; fileRef = 623A15F95C7EB965BD2879AB /* CityServiceImpl.swift */; };
		3CD15039E1D9B686B300B116 /* CityRouter.swift in Sources */ = {isa = PBXBuildFile; fileRef = 6B80BD286E4D2ECC32B90EAB /* CityRouter.swift */; };
		422A3A9C425D922C8538105B /* FlightInteractorInput.swift in Sources */ = {isa = PBXBuildFile; fileRef = 63DA1213ECE14858B832D775 /* FlightInteractorInput.swift */; };
		4A0300191E8FF09E001B2014 /* PlusButton.swift in Sources */ = {isa = PBXBuildFile; fileRef = 4A0300181E8FF09E001B2014 /* PlusButton.swift */; };
		4A03001B1E8FFB39001B2014 /* MinusButton.swift in Sources */ = {isa = PBXBuildFile; fileRef = 4A03001A1E8FFB39001B2014 /* MinusButton.swift */; };
		4A0300211E9009D3001B2014 /* FindButton.swift in Sources */ = {isa = PBXBuildFile; fileRef = 4A0300201E9009D3001B2014 /* FindButton.swift */; };
		4A0300281E9027C9001B2014 /* CityModuleOutput.swift in Sources */ = {isa = PBXBuildFile; fileRef = 4A0300271E9027C9001B2014 /* CityModuleOutput.swift */; };
		4A03002A1E902BDB001B2014 /* WhiteNavigationBar.swift in Sources */ = {isa = PBXBuildFile; fileRef = 4A0300291E902BDB001B2014 /* WhiteNavigationBar.swift */; };
		4A03002C1E9030E7001B2014 /* CityTextField.swift in Sources */ = {isa = PBXBuildFile; fileRef = 4A03002B1E9030E7001B2014 /* CityTextField.swift */; };
		4A03002E1E90350E001B2014 /* CityAdapter.swift in Sources */ = {isa = PBXBuildFile; fileRef = 4A03002D1E90350E001B2014 /* CityAdapter.swift */; };
		4A0300321E903532001B2014 /* CityTableViewCell.swift in Sources */ = {isa = PBXBuildFile; fileRef = 4A0300301E903532001B2014 /* CityTableViewCell.swift */; };
		4A0300331E903532001B2014 /* CityTableViewCell.xib in Resources */ = {isa = PBXBuildFile; fileRef = 4A0300311E903532001B2014 /* CityTableViewCell.xib */; };
		4A0300351E90357E001B2014 /* BoldWhiteLabel.swift in Sources */ = {isa = PBXBuildFile; fileRef = 4A0300341E90357E001B2014 /* BoldWhiteLabel.swift */; };
		4A03003E1E90523A001B2014 /* DataProvider.swift in Sources */ = {isa = PBXBuildFile; fileRef = 4A03003D1E90523A001B2014 /* DataProvider.swift */; };
		4A0300401E90524D001B2014 /* Deserializer.swift in Sources */ = {isa = PBXBuildFile; fileRef = 4A03003F1E90524D001B2014 /* Deserializer.swift */; };
		4A0300421E905258001B2014 /* JSONDeserializer.swift in Sources */ = {isa = PBXBuildFile; fileRef = 4A0300411E905258001B2014 /* JSONDeserializer.swift */; };
		4A0300441E905271001B2014 /* Mapper.swift in Sources */ = {isa = PBXBuildFile; fileRef = 4A0300431E905271001B2014 /* Mapper.swift */; };
		4A0300461E9052A9001B2014 /* MapperImpl.swift in Sources */ = {isa = PBXBuildFile; fileRef = 4A0300451E9052A9001B2014 /* MapperImpl.swift */; };
		4A0300481E9052C4001B2014 /* Request.swift in Sources */ = {isa = PBXBuildFile; fileRef = 4A0300471E9052C4001B2014 /* Request.swift */; };
		4A03004A1E9052DB001B2014 /* Transport.swift in Sources */ = {isa = PBXBuildFile; fileRef = 4A0300491E9052DB001B2014 /* Transport.swift */; };
		4A03004C1E9052E5001B2014 /* TransportImpl.swift in Sources */ = {isa = PBXBuildFile; fileRef = 4A03004B1E9052E5001B2014 /* TransportImpl.swift */; };
		4A03004E1E90533D001B2014 /* Dictionary+Parsing.swift in Sources */ = {isa = PBXBuildFile; fileRef = 4A03004D1E90533D001B2014 /* Dictionary+Parsing.swift */; };
		4A0300531E905360001B2014 /* City.swift in Sources */ = {isa = PBXBuildFile; fileRef = 4A0300501E905360001B2014 /* City.swift */; };
		4A0300541E905360001B2014 /* Entity.swift in Sources */ = {isa = PBXBuildFile; fileRef = 4A0300511E905360001B2014 /* Entity.swift */; };
		4A0300561E90538B001B2014 /* Errors.swift in Sources */ = {isa = PBXBuildFile; fileRef = 4A0300551E90538B001B2014 /* Errors.swift */; };
		4A0300581E90539A001B2014 /* Response.swift in Sources */ = {isa = PBXBuildFile; fileRef = 4A0300571E90539A001B2014 /* Response.swift */; };
		4A03005A1E9053A8001B2014 /* Result.swift in Sources */ = {isa = PBXBuildFile; fileRef = 4A0300591E9053A8001B2014 /* Result.swift */; };
		4A03FFD41E8FD591001B2014 /* FlightPeopleTableViewCell.swift in Sources */ = {isa = PBXBuildFile; fileRef = 4A03FFD21E8FD591001B2014 /* FlightPeopleTableViewCell.swift */; };
		4A03FFD51E8FD591001B2014 /* FlightPeopleTableViewCell.xib in Resources */ = {isa = PBXBuildFile; fileRef = 4A03FFD31E8FD591001B2014 /* FlightPeopleTableViewCell.xib */; };
		4AE916021E8E8CBF0094D9C5 /* AppDelegate.swift in Sources */ = {isa = PBXBuildFile; fileRef = 4AE915FA1E8E8CBF0094D9C5 /* AppDelegate.swift */; };
		4AE916031E8E8CBF0094D9C5 /* LaunchScreen.storyboard in Resources */ = {isa = PBXBuildFile; fileRef = 4AE915FC1E8E8CBF0094D9C5 /* LaunchScreen.storyboard */; };
		4AE916041E8E8CBF0094D9C5 /* Main.storyboard in Resources */ = {isa = PBXBuildFile; fileRef = 4AE915FD1E8E8CBF0094D9C5 /* Main.storyboard */; };
		4AE916051E8E8CBF0094D9C5 /* Assets.xcassets in Resources */ = {isa = PBXBuildFile; fileRef = 4AE915FF1E8E8CBF0094D9C5 /* Assets.xcassets */; };
		4AE916081E8E8CDD0094D9C5 /* Constants.swift in Sources */ = {isa = PBXBuildFile; fileRef = 4AE916071E8E8CDD0094D9C5 /* Constants.swift */; };
		4AE9160A1E8E8CFB0094D9C5 /* Blocks.swift in Sources */ = {isa = PBXBuildFile; fileRef = 4AE916091E8E8CFB0094D9C5 /* Blocks.swift */; };
		4AE9160F1E8E93220094D9C5 /* ConfigurationHolder.swift in Sources */ = {isa = PBXBuildFile; fileRef = 4AE9160E1E8E93220094D9C5 /* ConfigurationHolder.swift */; };
		4AE916111E8E93560094D9C5 /* ModuleInput.swift in Sources */ = {isa = PBXBuildFile; fileRef = 4AE916101E8E93560094D9C5 /* ModuleInput.swift */; };
		4AE916131E8E93650094D9C5 /* ModuleOutput.swift in Sources */ = {isa = PBXBuildFile; fileRef = 4AE916121E8E93650094D9C5 /* ModuleOutput.swift */; };
		4AE916151E8E93810094D9C5 /* RouterTransitionHandler.swift in Sources */ = {isa = PBXBuildFile; fileRef = 4AE916141E8E93810094D9C5 /* RouterTransitionHandler.swift */; };
		4AE916171E8E93A00094D9C5 /* RouterViewController.swift in Sources */ = {isa = PBXBuildFile; fileRef = 4AE916161E8E93A00094D9C5 /* RouterViewController.swift */; };
		4AE9161A1E8E93D80094D9C5 /* ViewController.swift in Sources */ = {isa = PBXBuildFile; fileRef = 4AE916191E8E93D80094D9C5 /* ViewController.swift */; };
		4AE916221E8E97100094D9C5 /* Localizable.strings in Resources */ = {isa = PBXBuildFile; fileRef = 4AE916241E8E97100094D9C5 /* Localizable.strings */; };
		4AE916291E8E97CE0094D9C5 /* String+localization.swift in Sources */ = {isa = PBXBuildFile; fileRef = 4AE916281E8E97CE0094D9C5 /* String+localization.swift */; };
		4AE9162C1E8E986C0094D9C5 /* NavigationBar.swift in Sources */ = {isa = PBXBuildFile; fileRef = 4AE9162B1E8E986C0094D9C5 /* NavigationBar.swift */; };
		4AE9162E1E8E98840094D9C5 /* BlueNavigationBar.swift in Sources */ = {isa = PBXBuildFile; fileRef = 4AE9162D1E8E98840094D9C5 /* BlueNavigationBar.swift */; };
		4AE916321E8E9AEF0094D9C5 /* FlightCityTableViewCell.swift in Sources */ = {isa = PBXBuildFile; fileRef = 4AE916301E8E9AEF0094D9C5 /* FlightCityTableViewCell.swift */; };
		4AE916331E8E9AEF0094D9C5 /* FlightCityTableViewCell.xib in Resources */ = {isa = PBXBuildFile; fileRef = 4AE916311E8E9AEF0094D9C5 /* FlightCityTableViewCell.xib */; };
		4AE916371E8E9B130094D9C5 /* FlightAdapter.swift in Sources */ = {isa = PBXBuildFile; fileRef = 4AE916361E8E9B130094D9C5 /* FlightAdapter.swift */; };
		4AE9163A1E8E9C230094D9C5 /* TableView.swift in Sources */ = {isa = PBXBuildFile; fileRef = 4AE916391E8E9C230094D9C5 /* TableView.swift */; };
		4AE9163D1E8E9DF00094D9C5 /* Color.swift in Sources */ = {isa = PBXBuildFile; fileRef = 4AE9163C1E8E9DF00094D9C5 /* Color.swift */; };
		4AE916401E8EE3030094D9C5 /* FlightDateTableViewCell.swift in Sources */ = {isa = PBXBuildFile; fileRef = 4AE9163E1E8EE3030094D9C5 /* FlightDateTableViewCell.swift */; };
		4AE916411E8EE3030094D9C5 /* FlightDateTableViewCell.xib in Resources */ = {isa = PBXBuildFile; fileRef = 4AE9163F1E8EE3030094D9C5 /* FlightDateTableViewCell.xib */; };
		4AE916441E8EE38F0094D9C5 /* Font.swift in Sources */ = {isa = PBXBuildFile; fileRef = 4AE916431E8EE38E0094D9C5 /* Font.swift */; };
		4AE916471E8EE3F50094D9C5 /* Label.swift in Sources */ = {isa = PBXBuildFile; fileRef = 4AE916461E8EE3F50094D9C5 /* Label.swift */; };
		4AE916491E8EE41A0094D9C5 /* TransparentBlueLabel.swift in Sources */ = {isa = PBXBuildFile; fileRef = 4AE916481E8EE41A0094D9C5 /* TransparentBlueLabel.swift */; };
		4AE9164C1E8EE5A80094D9C5 /* TextField.swift in Sources */ = {isa = PBXBuildFile; fileRef = 4AE9164B1E8EE5A80094D9C5 /* TextField.swift */; };
		4AE9164E1E8EE5DD0094D9C5 /* DateTextField.swift in Sources */ = {isa = PBXBuildFile; fileRef = 4AE9164D1E8EE5DD0094D9C5 /* DateTextField.swift */; };
		4AE916511E8EF1750094D9C5 /* Button.swift in Sources */ = {isa = PBXBuildFile; fileRef = 4AE916501E8EF1750094D9C5 /* Button.swift */; };
		4AE916531E8EF1A10094D9C5 /* TransparentBorderedButton.swift in Sources */ = {isa = PBXBuildFile; fileRef = 4AE916521E8EF1A10094D9C5 /* TransparentBorderedButton.swift */; };
		567282D2084E7B663FD1521F /* CityServiceAssembly.swift in Sources */ = {isa = PBXBuildFile; fileRef = 5D5E3AEB8860EB65829CC57E /* CityServiceAssembly.swift */; };
		70AEEE99591EE11CA9DBAC05 /* FlightViewOutput.swift in Sources */ = {isa = PBXBuildFile; fileRef = C7F708EF064BBB8D901F61D4 /* FlightViewOutput.swift */; };
		76658DA2721469AB4D13C185 /* CityViewInput.swift in Sources */ = {isa = PBXBuildFile; fileRef = F7CF231E86C927CFCC43503A /* CityViewInput.swift */; };
		76791414B804701D00433C47 /* CityModuleInput.swift in Sources */ = {isa = PBXBuildFile; fileRef = 803B11A31B027800FCCAC6D7 /* CityModuleInput.swift */; };
		7B0A6D8955EA68719344E6A0 /* FlightRouter.swift in Sources */ = {isa = PBXBuildFile; fileRef = 30E20DBC390BF58807E6C7DA /* FlightRouter.swift */; };
		7F280FA98B52E4F371CBB42B /* CityInteractorInput.swift in Sources */ = {isa = PBXBuildFile; fileRef = 24D5F729F0391BEE5309180E /* CityInteractorInput.swift */; };
		81BAF9E0CE1022C9AA595739 /* CityRouterInput.swift in Sources */ = {isa = PBXBuildFile; fileRef = 53FA9F02FD824B6D73B07E84 /* CityRouterInput.swift */; };
		8903A6E6C4CF1E35C3252C5B /* CityViewOutput.swift in Sources */ = {isa = PBXBuildFile; fileRef = 09F74328F59AEA4C520B0454 /* CityViewOutput.swift */; };
		982AD5F0C92D3C6EFBBAC115 /* FlightModuleInitializer.swift in Sources */ = {isa = PBXBuildFile; fileRef = 5C57A3963D8484B145ED03CA /* FlightModuleInitializer.swift */; };
		9E0A3062858EABEEADAC73E0 /* CityInteractor.swift in Sources */ = {isa = PBXBuildFile; fileRef = 4E336DBD304D141C211FA75B /* CityInteractor.swift */; };
		B4141DCE9470B251451B388B /* FlightInteractorOutput.swift in Sources */ = {isa = PBXBuildFile; fileRef = 08CC802AE883DDFF473A3B0B /* FlightInteractorOutput.swift */; };
		B9765C8B551AF17E3E6E847C /* FlightViewController.swift in Sources */ = {isa = PBXBuildFile; fileRef = 0CB03E00455C84E8C92388A1 /* FlightViewController.swift */; };
		BCCB60F3F54220920B850361 /* CityMapperImpl.swift in Sources */ = {isa = PBXBuildFile; fileRef = DF128307EB334AF2275468D6 /* CityMapperImpl.swift */; };
		D07EFF05AA1346471EC3D4A2 /* CityServiceAssemblyImpl.swift in Sources */ = {isa = PBXBuildFile; fileRef = 577B859267F0C7C2E608F4AE /* CityServiceAssemblyImpl.swift */; };
		D32EC2AEE8D1706AB1B43616 /* FlightModuleConfigurator.swift in Sources */ = {isa = PBXBuildFile; fileRef = 08D1CEFE64A001B4CD9CFE46 /* FlightModuleConfigurator.swift */; };
		D4D22CB591E674EDDB27D216 /* CityPresenter.swift in Sources */ = {isa = PBXBuildFile; fileRef = 846874862EF557EE17DDDC5F /* CityPresenter.swift */; };
		D624EBEE0B98CC9830A65511 /* CityViewController.swift in Sources */ = {isa = PBXBuildFile; fileRef = E71858DD9541D6DB614BC8C5 /* CityViewController.swift */; };
		DD447BBC4F56525A5939EEA0 /* CityService.swift in Sources */ = {isa = PBXBuildFile; fileRef = 1031636411D4D8B305B92B48 /* CityService.swift */; };
		E4F0AEE430B98E6CB94EE449 /* FlightViewInput.swift in Sources */ = {isa = PBXBuildFile; fileRef = C67DB7CC5FD8C7DC79193347 /* FlightViewInput.swift */; };
		EDEC6CFE79F25C4AA88E6BDF /* CityNetworkDataProvider.swift in Sources */ = {isa = PBXBuildFile; fileRef = 745DBB94AF035D162E7EF500 /* CityNetworkDataProvider.swift */; };
		EF52E6B1AB0E692FB7752218 /* FlightPresenter.swift in Sources */ = {isa = PBXBuildFile; fileRef = CF5C899594AEC2D5DA6AF7B9 /* FlightPresenter.swift */; };
		F6ECD6038B2DC0C6D33FA3FA /* Pods_utair.framework in Frameworks */ = {isa = PBXBuildFile; fileRef = 079497B9EC83F208A00ACA3D /* Pods_utair.framework */; };
		FD6771B4D806EDD7F13F4BFA /* CityDataProvider.swift in Sources */ = {isa = PBXBuildFile; fileRef = 759C48A601A04EBEEA2007B5 /* CityDataProvider.swift */; };
		FE95030519B8BA0E37585CDE /* FlightInteractor.swift in Sources */ = {isa = PBXBuildFile; fileRef = F1E0ED3886C7C99701B7E517 /* FlightInteractor.swift */; };
/* End PBXBuildFile section */

/* Begin PBXFileReference section */
		003F343EC78C7DDD290335D3 /* Pods-utair.release.xcconfig */ = {isa = PBXFileReference; includeInIndex = 1; lastKnownFileType = text.xcconfig; name = "Pods-utair.release.xcconfig"; path = "Pods/Target Support Files/Pods-utair/Pods-utair.release.xcconfig"; sourceTree = "<group>"; };
		079497B9EC83F208A00ACA3D /* Pods_utair.framework */ = {isa = PBXFileReference; explicitFileType = wrapper.framework; includeInIndex = 0; path = Pods_utair.framework; sourceTree = BUILT_PRODUCTS_DIR; };
		08CC802AE883DDFF473A3B0B /* FlightInteractorOutput.swift */ = {isa = PBXFileReference; includeInIndex = 1; lastKnownFileType = sourcecode.swift; path = FlightInteractorOutput.swift; sourceTree = "<group>"; };
		08D1CEFE64A001B4CD9CFE46 /* FlightModuleConfigurator.swift */ = {isa = PBXFileReference; includeInIndex = 1; lastKnownFileType = sourcecode.swift; path = FlightModuleConfigurator.swift; sourceTree = "<group>"; };
		09F74328F59AEA4C520B0454 /* CityViewOutput.swift */ = {isa = PBXFileReference; includeInIndex = 1; lastKnownFileType = sourcecode.swift; path = CityViewOutput.swift; sourceTree = "<group>"; };
		0CB03E00455C84E8C92388A1 /* FlightViewController.swift */ = {isa = PBXFileReference; includeInIndex = 1; lastKnownFileType = sourcecode.swift; path = FlightViewController.swift; sourceTree = "<group>"; };
		1031636411D4D8B305B92B48 /* CityService.swift */ = {isa = PBXFileReference; includeInIndex = 1; lastKnownFileType = sourcecode.swift; path = CityService.swift; sourceTree = "<group>"; };
		1B820D6D73A53B60CCC990A7 /* FlightRouter.swift */ = {isa = PBXFileReference; includeInIndex = 1; lastKnownFileType = sourcecode.swift; path = FlightRouter.swift; sourceTree = "<group>"; };
		24D5F729F0391BEE5309180E /* CityInteractorInput.swift */ = {isa = PBXFileReference; includeInIndex = 1; lastKnownFileType = sourcecode.swift; path = CityInteractorInput.swift; sourceTree = "<group>"; };
		287A26DE2ACB2A68A0E2ABA5 /* FlightInteractorInput.swift */ = {isa = PBXFileReference; includeInIndex = 1; lastKnownFileType = sourcecode.swift; path = FlightInteractorInput.swift; sourceTree = "<group>"; };
		2B674FF4E72AEE9D371E8A15 /* FlightModuleInput.swift */ = {isa = PBXFileReference; includeInIndex = 1; lastKnownFileType = sourcecode.swift; path = FlightModuleInput.swift; sourceTree = "<group>"; };
		30E20DBC390BF58807E6C7DA /* FlightRouter.swift */ = {isa = PBXFileReference; includeInIndex = 1; lastKnownFileType = sourcecode.swift; path = FlightRouter.swift; sourceTree = "<group>"; };
		32A7F831138BC425CB5395DC /* CityNetworkDataProviderAssemblyImpl.swift */ = {isa = PBXFileReference; includeInIndex = 1; lastKnownFileType = sourcecode.swift; path = CityNetworkDataProviderAssemblyImpl.swift; sourceTree = "<group>"; };
		427DA3BDFF9236196B8DCDC9 /* FlightRouterInput.swift */ = {isa = PBXFileReference; includeInIndex = 1; lastKnownFileType = sourcecode.swift; path = FlightRouterInput.swift; sourceTree = "<group>"; };
		4A0300181E8FF09E001B2014 /* PlusButton.swift */ = {isa = PBXFileReference; fileEncoding = 4; lastKnownFileType = sourcecode.swift; path = PlusButton.swift; sourceTree = "<group>"; };
		4A03001A1E8FFB39001B2014 /* MinusButton.swift */ = {isa = PBXFileReference; fileEncoding = 4; lastKnownFileType = sourcecode.swift; path = MinusButton.swift; sourceTree = "<group>"; };
		4A0300201E9009D3001B2014 /* FindButton.swift */ = {isa = PBXFileReference; fileEncoding = 4; lastKnownFileType = sourcecode.swift; path = FindButton.swift; sourceTree = "<group>"; };
		4A0300271E9027C9001B2014 /* CityModuleOutput.swift */ = {isa = PBXFileReference; fileEncoding = 4; lastKnownFileType = sourcecode.swift; path = CityModuleOutput.swift; sourceTree = "<group>"; };
		4A0300291E902BDB001B2014 /* WhiteNavigationBar.swift */ = {isa = PBXFileReference; fileEncoding = 4; lastKnownFileType = sourcecode.swift; path = WhiteNavigationBar.swift; sourceTree = "<group>"; };
		4A03002B1E9030E7001B2014 /* CityTextField.swift */ = {isa = PBXFileReference; fileEncoding = 4; lastKnownFileType = sourcecode.swift; path = CityTextField.swift; sourceTree = "<group>"; };
		4A03002D1E90350E001B2014 /* CityAdapter.swift */ = {isa = PBXFileReference; fileEncoding = 4; lastKnownFileType = sourcecode.swift; path = CityAdapter.swift; sourceTree = "<group>"; };
		4A0300301E903532001B2014 /* CityTableViewCell.swift */ = {isa = PBXFileReference; fileEncoding = 4; lastKnownFileType = sourcecode.swift; path = CityTableViewCell.swift; sourceTree = "<group>"; };
		4A0300311E903532001B2014 /* CityTableViewCell.xib */ = {isa = PBXFileReference; fileEncoding = 4; lastKnownFileType = file.xib; path = CityTableViewCell.xib; sourceTree = "<group>"; };
		4A0300341E90357E001B2014 /* BoldWhiteLabel.swift */ = {isa = PBXFileReference; fileEncoding = 4; lastKnownFileType = sourcecode.swift; path = BoldWhiteLabel.swift; sourceTree = "<group>"; };
		4A03003D1E90523A001B2014 /* DataProvider.swift */ = {isa = PBXFileReference; fileEncoding = 4; lastKnownFileType = sourcecode.swift; path = DataProvider.swift; sourceTree = "<group>"; };
		4A03003F1E90524D001B2014 /* Deserializer.swift */ = {isa = PBXFileReference; fileEncoding = 4; lastKnownFileType = sourcecode.swift; path = Deserializer.swift; sourceTree = "<group>"; };
		4A0300411E905258001B2014 /* JSONDeserializer.swift */ = {isa = PBXFileReference; fileEncoding = 4; lastKnownFileType = sourcecode.swift; path = JSONDeserializer.swift; sourceTree = "<group>"; };
		4A0300431E905271001B2014 /* Mapper.swift */ = {isa = PBXFileReference; fileEncoding = 4; lastKnownFileType = sourcecode.swift; path = Mapper.swift; sourceTree = "<group>"; };
		4A0300451E9052A9001B2014 /* MapperImpl.swift */ = {isa = PBXFileReference; fileEncoding = 4; lastKnownFileType = sourcecode.swift; path = MapperImpl.swift; sourceTree = "<group>"; };
		4A0300471E9052C4001B2014 /* Request.swift */ = {isa = PBXFileReference; fileEncoding = 4; lastKnownFileType = sourcecode.swift; path = Request.swift; sourceTree = "<group>"; };
		4A0300491E9052DB001B2014 /* Transport.swift */ = {isa = PBXFileReference; fileEncoding = 4; lastKnownFileType = sourcecode.swift; path = Transport.swift; sourceTree = "<group>"; };
		4A03004B1E9052E5001B2014 /* TransportImpl.swift */ = {isa = PBXFileReference; fileEncoding = 4; lastKnownFileType = sourcecode.swift; path = TransportImpl.swift; sourceTree = "<group>"; };
		4A03004D1E90533D001B2014 /* Dictionary+Parsing.swift */ = {isa = PBXFileReference; fileEncoding = 4; lastKnownFileType = sourcecode.swift; path = "Dictionary+Parsing.swift"; sourceTree = "<group>"; };
		4A0300501E905360001B2014 /* City.swift */ = {isa = PBXFileReference; fileEncoding = 4; lastKnownFileType = sourcecode.swift; path = City.swift; sourceTree = "<group>"; };
		4A0300511E905360001B2014 /* Entity.swift */ = {isa = PBXFileReference; fileEncoding = 4; lastKnownFileType = sourcecode.swift; path = Entity.swift; sourceTree = "<group>"; };
		4A0300551E90538B001B2014 /* Errors.swift */ = {isa = PBXFileReference; fileEncoding = 4; lastKnownFileType = sourcecode.swift; path = Errors.swift; sourceTree = "<group>"; };
		4A0300571E90539A001B2014 /* Response.swift */ = {isa = PBXFileReference; fileEncoding = 4; lastKnownFileType = sourcecode.swift; path = Response.swift; sourceTree = "<group>"; };
		4A0300591E9053A8001B2014 /* Result.swift */ = {isa = PBXFileReference; fileEncoding = 4; lastKnownFileType = sourcecode.swift; path = Result.swift; sourceTree = "<group>"; };
		4A03FFD21E8FD591001B2014 /* FlightPeopleTableViewCell.swift */ = {isa = PBXFileReference; fileEncoding = 4; lastKnownFileType = sourcecode.swift; path = FlightPeopleTableViewCell.swift; sourceTree = "<group>"; };
		4A03FFD31E8FD591001B2014 /* FlightPeopleTableViewCell.xib */ = {isa = PBXFileReference; fileEncoding = 4; lastKnownFileType = file.xib; path = FlightPeopleTableViewCell.xib; sourceTree = "<group>"; };
		4A47080E9752968B7DB03789 /* CityInteractorOutput.swift */ = {isa = PBXFileReference; includeInIndex = 1; lastKnownFileType = sourcecode.swift; path = CityInteractorOutput.swift; sourceTree = "<group>"; };
		4AE915E31E8E8C2E0094D9C5 /* utair.app */ = {isa = PBXFileReference; explicitFileType = wrapper.application; includeInIndex = 0; path = utair.app; sourceTree = BUILT_PRODUCTS_DIR; };
		4AE915FA1E8E8CBF0094D9C5 /* AppDelegate.swift */ = {isa = PBXFileReference; fileEncoding = 4; lastKnownFileType = sourcecode.swift; path = AppDelegate.swift; sourceTree = "<group>"; };
		4AE915FC1E8E8CBF0094D9C5 /* LaunchScreen.storyboard */ = {isa = PBXFileReference; fileEncoding = 4; lastKnownFileType = file.storyboard; path = LaunchScreen.storyboard; sourceTree = "<group>"; };
		4AE915FD1E8E8CBF0094D9C5 /* Main.storyboard */ = {isa = PBXFileReference; fileEncoding = 4; lastKnownFileType = file.storyboard; path = Main.storyboard; sourceTree = "<group>"; };
		4AE915FF1E8E8CBF0094D9C5 /* Assets.xcassets */ = {isa = PBXFileReference; lastKnownFileType = folder.assetcatalog; path = Assets.xcassets; sourceTree = "<group>"; };
		4AE916011E8E8CBF0094D9C5 /* Info.plist */ = {isa = PBXFileReference; fileEncoding = 4; lastKnownFileType = text.plist.xml; path = Info.plist; sourceTree = "<group>"; };
		4AE916071E8E8CDD0094D9C5 /* Constants.swift */ = {isa = PBXFileReference; fileEncoding = 4; lastKnownFileType = sourcecode.swift; path = Constants.swift; sourceTree = "<group>"; };
		4AE916091E8E8CFB0094D9C5 /* Blocks.swift */ = {isa = PBXFileReference; fileEncoding = 4; lastKnownFileType = sourcecode.swift; path = Blocks.swift; sourceTree = "<group>"; };
		4AE9160E1E8E93220094D9C5 /* ConfigurationHolder.swift */ = {isa = PBXFileReference; fileEncoding = 4; lastKnownFileType = sourcecode.swift; path = ConfigurationHolder.swift; sourceTree = "<group>"; };
		4AE916101E8E93560094D9C5 /* ModuleInput.swift */ = {isa = PBXFileReference; fileEncoding = 4; lastKnownFileType = sourcecode.swift; path = ModuleInput.swift; sourceTree = "<group>"; };
		4AE916121E8E93650094D9C5 /* ModuleOutput.swift */ = {isa = PBXFileReference; fileEncoding = 4; lastKnownFileType = sourcecode.swift; path = ModuleOutput.swift; sourceTree = "<group>"; };
		4AE916141E8E93810094D9C5 /* RouterTransitionHandler.swift */ = {isa = PBXFileReference; fileEncoding = 4; lastKnownFileType = sourcecode.swift; path = RouterTransitionHandler.swift; sourceTree = "<group>"; };
		4AE916161E8E93A00094D9C5 /* RouterViewController.swift */ = {isa = PBXFileReference; fileEncoding = 4; lastKnownFileType = sourcecode.swift; path = RouterViewController.swift; sourceTree = "<group>"; };
		4AE916191E8E93D80094D9C5 /* ViewController.swift */ = {isa = PBXFileReference; fileEncoding = 4; lastKnownFileType = sourcecode.swift; path = ViewController.swift; sourceTree = "<group>"; };
		4AE916231E8E97100094D9C5 /* en */ = {isa = PBXFileReference; lastKnownFileType = text.plist.strings; name = en; path = en.lproj/Localizable.strings; sourceTree = "<group>"; };
		4AE916251E8E971F0094D9C5 /* ru */ = {isa = PBXFileReference; lastKnownFileType = text.plist.strings; name = ru; path = ru.lproj/Localizable.strings; sourceTree = "<group>"; };
		4AE916281E8E97CE0094D9C5 /* String+localization.swift */ = {isa = PBXFileReference; fileEncoding = 4; lastKnownFileType = sourcecode.swift; path = "String+localization.swift"; sourceTree = "<group>"; };
		4AE9162B1E8E986C0094D9C5 /* NavigationBar.swift */ = {isa = PBXFileReference; fileEncoding = 4; lastKnownFileType = sourcecode.swift; path = NavigationBar.swift; sourceTree = "<group>"; };
		4AE9162D1E8E98840094D9C5 /* BlueNavigationBar.swift */ = {isa = PBXFileReference; fileEncoding = 4; lastKnownFileType = sourcecode.swift; path = BlueNavigationBar.swift; sourceTree = "<group>"; };
		4AE916301E8E9AEF0094D9C5 /* FlightCityTableViewCell.swift */ = {isa = PBXFileReference; fileEncoding = 4; lastKnownFileType = sourcecode.swift; path = FlightCityTableViewCell.swift; sourceTree = "<group>"; };
		4AE916311E8E9AEF0094D9C5 /* FlightCityTableViewCell.xib */ = {isa = PBXFileReference; fileEncoding = 4; lastKnownFileType = file.xib; path = FlightCityTableViewCell.xib; sourceTree = "<group>"; };
		4AE916361E8E9B130094D9C5 /* FlightAdapter.swift */ = {isa = PBXFileReference; fileEncoding = 4; lastKnownFileType = sourcecode.swift; path = FlightAdapter.swift; sourceTree = "<group>"; };
		4AE916391E8E9C230094D9C5 /* TableView.swift */ = {isa = PBXFileReference; fileEncoding = 4; lastKnownFileType = sourcecode.swift; path = TableView.swift; sourceTree = "<group>"; };
		4AE9163C1E8E9DF00094D9C5 /* Color.swift */ = {isa = PBXFileReference; fileEncoding = 4; lastKnownFileType = sourcecode.swift; path = Color.swift; sourceTree = "<group>"; };
		4AE9163E1E8EE3030094D9C5 /* FlightDateTableViewCell.swift */ = {isa = PBXFileReference; fileEncoding = 4; lastKnownFileType = sourcecode.swift; path = FlightDateTableViewCell.swift; sourceTree = "<group>"; };
		4AE9163F1E8EE3030094D9C5 /* FlightDateTableViewCell.xib */ = {isa = PBXFileReference; fileEncoding = 4; lastKnownFileType = file.xib; path = FlightDateTableViewCell.xib; sourceTree = "<group>"; };
		4AE916431E8EE38E0094D9C5 /* Font.swift */ = {isa = PBXFileReference; fileEncoding = 4; lastKnownFileType = sourcecode.swift; path = Font.swift; sourceTree = "<group>"; };
		4AE916461E8EE3F50094D9C5 /* Label.swift */ = {isa = PBXFileReference; fileEncoding = 4; lastKnownFileType = sourcecode.swift; path = Label.swift; sourceTree = "<group>"; };
		4AE916481E8EE41A0094D9C5 /* TransparentBlueLabel.swift */ = {isa = PBXFileReference; fileEncoding = 4; lastKnownFileType = sourcecode.swift; path = TransparentBlueLabel.swift; sourceTree = "<group>"; };
		4AE9164B1E8EE5A80094D9C5 /* TextField.swift */ = {isa = PBXFileReference; fileEncoding = 4; lastKnownFileType = sourcecode.swift; path = TextField.swift; sourceTree = "<group>"; };
		4AE9164D1E8EE5DD0094D9C5 /* DateTextField.swift */ = {isa = PBXFileReference; fileEncoding = 4; lastKnownFileType = sourcecode.swift; path = DateTextField.swift; sourceTree = "<group>"; };
		4AE916501E8EF1750094D9C5 /* Button.swift */ = {isa = PBXFileReference; fileEncoding = 4; lastKnownFileType = sourcecode.swift; path = Button.swift; sourceTree = "<group>"; };
		4AE916521E8EF1A10094D9C5 /* TransparentBorderedButton.swift */ = {isa = PBXFileReference; fileEncoding = 4; lastKnownFileType = sourcecode.swift; path = TransparentBorderedButton.swift; sourceTree = "<group>"; };
		4E336DBD304D141C211FA75B /* CityInteractor.swift */ = {isa = PBXFileReference; includeInIndex = 1; lastKnownFileType = sourcecode.swift; path = CityInteractor.swift; sourceTree = "<group>"; };
		4F122DC7D8401A72C6E14631 /* Pods-utair.debug.xcconfig */ = {isa = PBXFileReference; includeInIndex = 1; lastKnownFileType = text.xcconfig; name = "Pods-utair.debug.xcconfig"; path = "Pods/Target Support Files/Pods-utair/Pods-utair.debug.xcconfig"; sourceTree = "<group>"; };
		53FA9F02FD824B6D73B07E84 /* CityRouterInput.swift */ = {isa = PBXFileReference; includeInIndex = 1; lastKnownFileType = sourcecode.swift; path = CityRouterInput.swift; sourceTree = "<group>"; };
		577B859267F0C7C2E608F4AE /* CityServiceAssemblyImpl.swift */ = {isa = PBXFileReference; includeInIndex = 1; lastKnownFileType = sourcecode.swift; path = CityServiceAssemblyImpl.swift; sourceTree = "<group>"; };
		5C57A3963D8484B145ED03CA /* FlightModuleInitializer.swift */ = {isa = PBXFileReference; includeInIndex = 1; lastKnownFileType = sourcecode.swift; path = FlightModuleInitializer.swift; sourceTree = "<group>"; };
		5D5E3AEB8860EB65829CC57E /* CityServiceAssembly.swift */ = {isa = PBXFileReference; includeInIndex = 1; lastKnownFileType = sourcecode.swift; path = CityServiceAssembly.swift; sourceTree = "<group>"; };
		5F1947690F937E7D94A588A2 /* CityRequest.swift */ = {isa = PBXFileReference; includeInIndex = 1; lastKnownFileType = sourcecode.swift; path = CityRequest.swift; sourceTree = "<group>"; };
		623A15F95C7EB965BD2879AB /* CityServiceImpl.swift */ = {isa = PBXFileReference; includeInIndex = 1; lastKnownFileType = sourcecode.swift; path = CityServiceImpl.swift; sourceTree = "<group>"; };
		631B6767DD84D9DA4BE46872 /* FlightRouterInput.swift */ = {isa = PBXFileReference; includeInIndex = 1; lastKnownFileType = sourcecode.swift; path = FlightRouterInput.swift; sourceTree = "<group>"; };
		634F41761C624D4B5DD807B2 /* CityNetworkDataProviderAssembly.swift */ = {isa = PBXFileReference; includeInIndex = 1; lastKnownFileType = sourcecode.swift; path = CityNetworkDataProviderAssembly.swift; sourceTree = "<group>"; };
		63DA1213ECE14858B832D775 /* FlightInteractorInput.swift */ = {isa = PBXFileReference; includeInIndex = 1; lastKnownFileType = sourcecode.swift; path = FlightInteractorInput.swift; sourceTree = "<group>"; };
		6B5C53078852388D0DD82FA2 /* FlightViewOutput.swift */ = {isa = PBXFileReference; includeInIndex = 1; lastKnownFileType = sourcecode.swift; path = FlightViewOutput.swift; sourceTree = "<group>"; };
		6B80BD286E4D2ECC32B90EAB /* CityRouter.swift */ = {isa = PBXFileReference; includeInIndex = 1; lastKnownFileType = sourcecode.swift; path = CityRouter.swift; sourceTree = "<group>"; };
		6C85DDCA82F26F17BFC878BF /* FlightInteractorOutput.swift */ = {isa = PBXFileReference; includeInIndex = 1; lastKnownFileType = sourcecode.swift; path = FlightInteractorOutput.swift; sourceTree = "<group>"; };
		745DBB94AF035D162E7EF500 /* CityNetworkDataProvider.swift */ = {isa = PBXFileReference; includeInIndex = 1; lastKnownFileType = sourcecode.swift; path = CityNetworkDataProvider.swift; sourceTree = "<group>"; };
		759C48A601A04EBEEA2007B5 /* CityDataProvider.swift */ = {isa = PBXFileReference; includeInIndex = 1; lastKnownFileType = sourcecode.swift; path = CityDataProvider.swift; sourceTree = "<group>"; };
		803B11A31B027800FCCAC6D7 /* CityModuleInput.swift */ = {isa = PBXFileReference; includeInIndex = 1; lastKnownFileType = sourcecode.swift; path = CityModuleInput.swift; sourceTree = "<group>"; };
		846874862EF557EE17DDDC5F /* CityPresenter.swift */ = {isa = PBXFileReference; includeInIndex = 1; lastKnownFileType = sourcecode.swift; path = CityPresenter.swift; sourceTree = "<group>"; };
		967098DD9DABF7648FABCF8E /* FlightViewController.swift */ = {isa = PBXFileReference; includeInIndex = 1; lastKnownFileType = sourcecode.swift; path = FlightViewController.swift; sourceTree = "<group>"; };
		A001834A2C002054B85437BC /* FlightModuleInitializer.swift */ = {isa = PBXFileReference; includeInIndex = 1; lastKnownFileType = sourcecode.swift; path = FlightModuleInitializer.swift; sourceTree = "<group>"; };
		C67DB7CC5FD8C7DC79193347 /* FlightViewInput.swift */ = {isa = PBXFileReference; includeInIndex = 1; lastKnownFileType = sourcecode.swift; path = FlightViewInput.swift; sourceTree = "<group>"; };
		C7F708EF064BBB8D901F61D4 /* FlightViewOutput.swift */ = {isa = PBXFileReference; includeInIndex = 1; lastKnownFileType = sourcecode.swift; path = FlightViewOutput.swift; sourceTree = "<group>"; };
		CF5C899594AEC2D5DA6AF7B9 /* FlightPresenter.swift */ = {isa = PBXFileReference; includeInIndex = 1; lastKnownFileType = sourcecode.swift; path = FlightPresenter.swift; sourceTree = "<group>"; };
		D095647239DC3A07020E156E /* FlightInteractor.swift */ = {isa = PBXFileReference; includeInIndex = 1; lastKnownFileType = sourcecode.swift; path = FlightInteractor.swift; sourceTree = "<group>"; };
		D8E03284A30C7802D79AE216 /* CityMapper.swift */ = {isa = PBXFileReference; includeInIndex = 1; lastKnownFileType = sourcecode.swift; path = CityMapper.swift; sourceTree = "<group>"; };
		DB6F62D8F4D671B8295363D0 /* FlightModuleInput.swift */ = {isa = PBXFileReference; includeInIndex = 1; lastKnownFileType = sourcecode.swift; path = FlightModuleInput.swift; sourceTree = "<group>"; };
		DF128307EB334AF2275468D6 /* CityMapperImpl.swift */ = {isa = PBXFileReference; includeInIndex = 1; lastKnownFileType = sourcecode.swift; path = CityMapperImpl.swift; sourceTree = "<group>"; };
		E43B2338E4C4AD81A6A12656 /* CityModuleConfigurator.swift */ = {isa = PBXFileReference; includeInIndex = 1; lastKnownFileType = sourcecode.swift; path = CityModuleConfigurator.swift; sourceTree = "<group>"; };
		E71858DD9541D6DB614BC8C5 /* CityViewController.swift */ = {isa = PBXFileReference; includeInIndex = 1; lastKnownFileType = sourcecode.swift; path = CityViewController.swift; sourceTree = "<group>"; };
		EA4F6FB268A0F67DE467361E /* FlightPresenter.swift */ = {isa = PBXFileReference; includeInIndex = 1; lastKnownFileType = sourcecode.swift; path = FlightPresenter.swift; sourceTree = "<group>"; };
		EAE29B91884347E532ECDF54 /* CityModuleInitializer.swift */ = {isa = PBXFileReference; includeInIndex = 1; lastKnownFileType = sourcecode.swift; path = CityModuleInitializer.swift; sourceTree = "<group>"; };
		F1E0ED3886C7C99701B7E517 /* FlightInteractor.swift */ = {isa = PBXFileReference; includeInIndex = 1; lastKnownFileType = sourcecode.swift; path = FlightInteractor.swift; sourceTree = "<group>"; };
		F24004C484D9EBA3603DD323 /* FlightViewInput.swift */ = {isa = PBXFileReference; includeInIndex = 1; lastKnownFileType = sourcecode.swift; path = FlightViewInput.swift; sourceTree = "<group>"; };
		F7CF231E86C927CFCC43503A /* CityViewInput.swift */ = {isa = PBXFileReference; includeInIndex = 1; lastKnownFileType = sourcecode.swift; path = CityViewInput.swift; sourceTree = "<group>"; };
		FD4DE5B53E86C0F6397046EA /* FlightModuleConfigurator.swift */ = {isa = PBXFileReference; includeInIndex = 1; lastKnownFileType = sourcecode.swift; path = FlightModuleConfigurator.swift; sourceTree = "<group>"; };
/* End PBXFileReference section */

/* Begin PBXFrameworksBuildPhase section */
		4AE915E01E8E8C2E0094D9C5 /* Frameworks */ = {
			isa = PBXFrameworksBuildPhase;
			buildActionMask = 2147483647;
			files = (
				F6ECD6038B2DC0C6D33FA3FA /* Pods_utair.framework in Frameworks */,
			);
			runOnlyForDeploymentPostprocessing = 0;
		};
/* End PBXFrameworksBuildPhase section */

/* Begin PBXGroup section */
		0098F81E3C48F686A667754A /* Router */ = {
			isa = PBXGroup;
			children = (
				30E20DBC390BF58807E6C7DA /* FlightRouter.swift */,
				631B6767DD84D9DA4BE46872 /* FlightRouterInput.swift */,
			);
			path = Router;
			sourceTree = "<group>";
		};
		17FACB5FFAC9F8F220734EFC /* View */ = {
			isa = PBXGroup;
			children = (
				967098DD9DABF7648FABCF8E /* FlightViewController.swift */,
				F24004C484D9EBA3603DD323 /* FlightViewInput.swift */,
				6B5C53078852388D0DD82FA2 /* FlightViewOutput.swift */,
			);
			path = View;
			sourceTree = "<group>";
		};
		263AE6C72FB155DB480F41E8 /* Router */ = {
			isa = PBXGroup;
			children = (
				6B80BD286E4D2ECC32B90EAB /* CityRouter.swift */,
				53FA9F02FD824B6D73B07E84 /* CityRouterInput.swift */,
			);
			path = Router;
			sourceTree = "<group>";
		};
		26A05023F4683143649381E2 /* City */ = {
			isa = PBXGroup;
			children = (
				2E6B19654C35EB149F014219 /* Assembly */,
				D8E03284A30C7802D79AE216 /* CityMapper.swift */,
				DF128307EB334AF2275468D6 /* CityMapperImpl.swift */,
				5F1947690F937E7D94A588A2 /* CityRequest.swift */,
				759C48A601A04EBEEA2007B5 /* CityDataProvider.swift */,
				745DBB94AF035D162E7EF500 /* CityNetworkDataProvider.swift */,
				1031636411D4D8B305B92B48 /* CityService.swift */,
				623A15F95C7EB965BD2879AB /* CityServiceImpl.swift */,
			);
			path = City;
			sourceTree = "<group>";
		};
		2E6B19654C35EB149F014219 /* Assembly */ = {
			isa = PBXGroup;
			children = (
				634F41761C624D4B5DD807B2 /* CityNetworkDataProviderAssembly.swift */,
				32A7F831138BC425CB5395DC /* CityNetworkDataProviderAssemblyImpl.swift */,
				5D5E3AEB8860EB65829CC57E /* CityServiceAssembly.swift */,
				577B859267F0C7C2E608F4AE /* CityServiceAssemblyImpl.swift */,
			);
			path = Assembly;
			sourceTree = "<group>";
		};
		4668F8A868DBD777D0424C70 /* View */ = {
			isa = PBXGroup;
			children = (
				4A03002F1E903523001B2014 /* Cell */,
				4A03002D1E90350E001B2014 /* CityAdapter.swift */,
				E71858DD9541D6DB614BC8C5 /* CityViewController.swift */,
				F7CF231E86C927CFCC43503A /* CityViewInput.swift */,
				09F74328F59AEA4C520B0454 /* CityViewOutput.swift */,
			);
			path = View;
			sourceTree = "<group>";
		};
		4A0300221E902284001B2014 /* Model */ = {
			isa = PBXGroup;
			children = (
				4A0300521E905360001B2014 /* Common */,
				4A03004F1E905360001B2014 /* Entity */,
			);
			path = Model;
			sourceTree = "<group>";
		};
		4A03002F1E903523001B2014 /* Cell */ = {
			isa = PBXGroup;
			children = (
				4A0300301E903532001B2014 /* CityTableViewCell.swift */,
				4A0300311E903532001B2014 /* CityTableViewCell.xib */,
			);
			path = Cell;
			sourceTree = "<group>";
		};
		4A0300361E905227001B2014 /* Business Logic */ = {
			isa = PBXGroup;
			children = (
				4A0300371E905227001B2014 /* Common */,
				26A05023F4683143649381E2 /* City */,
			);
			path = "Business Logic";
			sourceTree = "<group>";
		};
		4A0300371E905227001B2014 /* Common */ = {
			isa = PBXGroup;
			children = (
				4A0300381E905227001B2014 /* DataProvider */,
				4A0300391E905227001B2014 /* Deserializer */,
				4A03003A1E905227001B2014 /* Mapper */,
				4A03003B1E905227001B2014 /* Request */,
				4A03003C1E905227001B2014 /* Transport */,
			);
			path = Common;
			sourceTree = "<group>";
		};
		4A0300381E905227001B2014 /* DataProvider */ = {
			isa = PBXGroup;
			children = (
				4A03003D1E90523A001B2014 /* DataProvider.swift */,
			);
			path = DataProvider;
			sourceTree = "<group>";
		};
		4A0300391E905227001B2014 /* Deserializer */ = {
			isa = PBXGroup;
			children = (
				4A03003F1E90524D001B2014 /* Deserializer.swift */,
				4A0300411E905258001B2014 /* JSONDeserializer.swift */,
			);
			path = Deserializer;
			sourceTree = "<group>";
		};
		4A03003A1E905227001B2014 /* Mapper */ = {
			isa = PBXGroup;
			children = (
				4A0300431E905271001B2014 /* Mapper.swift */,
				4A0300451E9052A9001B2014 /* MapperImpl.swift */,
			);
			path = Mapper;
			sourceTree = "<group>";
		};
		4A03003B1E905227001B2014 /* Request */ = {
			isa = PBXGroup;
			children = (
				4A0300471E9052C4001B2014 /* Request.swift */,
			);
			path = Request;
			sourceTree = "<group>";
		};
		4A03003C1E905227001B2014 /* Transport */ = {
			isa = PBXGroup;
			children = (
				4A0300491E9052DB001B2014 /* Transport.swift */,
				4A03004B1E9052E5001B2014 /* TransportImpl.swift */,
			);
			path = Transport;
			sourceTree = "<group>";
		};
		4A03004F1E905360001B2014 /* Entity */ = {
			isa = PBXGroup;
			children = (
				4A0300511E905360001B2014 /* Entity.swift */,
				4A0300501E905360001B2014 /* City.swift */,
			);
			path = Entity;
			sourceTree = "<group>";
		};
		4A0300521E905360001B2014 /* Common */ = {
			isa = PBXGroup;
			children = (
				4A0300551E90538B001B2014 /* Errors.swift */,
				4A0300571E90539A001B2014 /* Response.swift */,
				4A0300591E9053A8001B2014 /* Result.swift */,
			);
			path = Common;
			sourceTree = "<group>";
		};
		4AE915DA1E8E8C2E0094D9C5 = {
			isa = PBXGroup;
			children = (
				4AE915E51E8E8C2E0094D9C5 /* utair */,
				4AE915E41E8E8C2E0094D9C5 /* Products */,
				617B01A46119ECEDAA19EB03 /* Classes */,
				B29939FDF342AB09199C6548 /* Pods */,
				A8CC3BC8BA9B8D9514C79BCF /* Frameworks */,
			);
			sourceTree = "<group>";
		};
		4AE915E41E8E8C2E0094D9C5 /* Products */ = {
			isa = PBXGroup;
			children = (
				4AE915E31E8E8C2E0094D9C5 /* utair.app */,
			);
			name = Products;
			sourceTree = "<group>";
		};
		4AE915E51E8E8C2E0094D9C5 /* utair */ = {
			isa = PBXGroup;
			children = (
				4AE915F81E8E8CBF0094D9C5 /* Classes */,
				4AE915FE1E8E8CBF0094D9C5 /* Resources */,
				4AE916001E8E8CBF0094D9C5 /* SupportingFiles */,
			);
			path = utair;
			sourceTree = "<group>";
		};
		4AE915F81E8E8CBF0094D9C5 /* Classes */ = {
			isa = PBXGroup;
			children = (
				4AE915F91E8E8CBF0094D9C5 /* Application */,
				4A0300361E905227001B2014 /* Business Logic */,
				4A0300221E902284001B2014 /* Model */,
				4AE915FB1E8E8CBF0094D9C5 /* Presentation */,
				4AE916261E8E97AD0094D9C5 /* Utils */,
			);
			path = Classes;
			sourceTree = "<group>";
		};
		4AE915F91E8E8CBF0094D9C5 /* Application */ = {
			isa = PBXGroup;
			children = (
				4AE915FA1E8E8CBF0094D9C5 /* AppDelegate.swift */,
				4AE916091E8E8CFB0094D9C5 /* Blocks.swift */,
				4AE916071E8E8CDD0094D9C5 /* Constants.swift */,
			);
			path = Application;
			sourceTree = "<group>";
		};
		4AE915FB1E8E8CBF0094D9C5 /* Presentation */ = {
			isa = PBXGroup;
			children = (
				4AE9160B1E8E91CA0094D9C5 /* UserStories */,
				4AE915FD1E8E8CBF0094D9C5 /* Main.storyboard */,
				4AE915FC1E8E8CBF0094D9C5 /* LaunchScreen.storyboard */,
			);
			path = Presentation;
			sourceTree = "<group>";
		};
		4AE915FE1E8E8CBF0094D9C5 /* Resources */ = {
			isa = PBXGroup;
			children = (
				4AE915FF1E8E8CBF0094D9C5 /* Assets.xcassets */,
				4AE916421E8EE3880094D9C5 /* Font */,
				4AE9163B1E8E9DEA0094D9C5 /* Color */,
				4AE9161F1E8E96F10094D9C5 /* Strings */,
			);
			path = Resources;
			sourceTree = "<group>";
		};
		4AE916001E8E8CBF0094D9C5 /* SupportingFiles */ = {
			isa = PBXGroup;
			children = (
				4AE916011E8E8CBF0094D9C5 /* Info.plist */,
			);
			path = SupportingFiles;
			sourceTree = "<group>";
		};
		4AE9160B1E8E91CA0094D9C5 /* UserStories */ = {
			isa = PBXGroup;
			children = (
				4AE9160C1E8E92F30094D9C5 /* Common */,
				DD3FB3359B6AB7BC6DF76EB0 /* Flight */,
				589E5E2A55646AC13A8D9620 /* City */,
			);
			path = UserStories;
			sourceTree = "<group>";
		};
		4AE9160C1E8E92F30094D9C5 /* Common */ = {
			isa = PBXGroup;
			children = (
				4AE916381E8E9C1B0094D9C5 /* View */,
				4AE916181E8E93CA0094D9C5 /* ViewController */,
				4AE9162A1E8E985F0094D9C5 /* NavigationBar */,
				4AE9160D1E8E93190094D9C5 /* Helper */,
			);
			path = Common;
			sourceTree = "<group>";
		};
		4AE9160D1E8E93190094D9C5 /* Helper */ = {
			isa = PBXGroup;
			children = (
				4AE916101E8E93560094D9C5 /* ModuleInput.swift */,
				4AE916121E8E93650094D9C5 /* ModuleOutput.swift */,
				4AE9160E1E8E93220094D9C5 /* ConfigurationHolder.swift */,
				4AE916141E8E93810094D9C5 /* RouterTransitionHandler.swift */,
				4AE916161E8E93A00094D9C5 /* RouterViewController.swift */,
			);
			path = Helper;
			sourceTree = "<group>";
		};
		4AE916181E8E93CA0094D9C5 /* ViewController */ = {
			isa = PBXGroup;
			children = (
				4AE916191E8E93D80094D9C5 /* ViewController.swift */,
			);
			path = ViewController;
			sourceTree = "<group>";
		};
		4AE9161F1E8E96F10094D9C5 /* Strings */ = {
			isa = PBXGroup;
			children = (
				4AE916241E8E97100094D9C5 /* Localizable.strings */,
			);
			path = Strings;
			sourceTree = "<group>";
		};
		4AE916261E8E97AD0094D9C5 /* Utils */ = {
			isa = PBXGroup;
			children = (
				4AE916271E8E97AD0094D9C5 /* Extensions */,
			);
			path = Utils;
			sourceTree = "<group>";
		};
		4AE916271E8E97AD0094D9C5 /* Extensions */ = {
			isa = PBXGroup;
			children = (
				4AE916281E8E97CE0094D9C5 /* String+localization.swift */,
				4A03004D1E90533D001B2014 /* Dictionary+Parsing.swift */,
			);
			path = Extensions;
			sourceTree = "<group>";
		};
		4AE9162A1E8E985F0094D9C5 /* NavigationBar */ = {
			isa = PBXGroup;
			children = (
				4AE9162B1E8E986C0094D9C5 /* NavigationBar.swift */,
				4AE9162D1E8E98840094D9C5 /* BlueNavigationBar.swift */,
				4A0300291E902BDB001B2014 /* WhiteNavigationBar.swift */,
			);
			path = NavigationBar;
			sourceTree = "<group>";
		};
		4AE9162F1E8E9AC30094D9C5 /* Cell */ = {
			isa = PBXGroup;
			children = (
				4AE916301E8E9AEF0094D9C5 /* FlightCityTableViewCell.swift */,
				4AE916311E8E9AEF0094D9C5 /* FlightCityTableViewCell.xib */,
				4AE9163E1E8EE3030094D9C5 /* FlightDateTableViewCell.swift */,
				4AE9163F1E8EE3030094D9C5 /* FlightDateTableViewCell.xib */,
				4A03FFD21E8FD591001B2014 /* FlightPeopleTableViewCell.swift */,
				4A03FFD31E8FD591001B2014 /* FlightPeopleTableViewCell.xib */,
			);
			path = Cell;
			sourceTree = "<group>";
		};
		4AE916381E8E9C1B0094D9C5 /* View */ = {
			isa = PBXGroup;
			children = (
				4AE9164F1E8EF1710094D9C5 /* Button */,
				4AE916451E8EE3F00094D9C5 /* Label */,
				4AE9164A1E8EE58F0094D9C5 /* TextField */,
				4AE916391E8E9C230094D9C5 /* TableView.swift */,
			);
			path = View;
			sourceTree = "<group>";
		};
		4AE9163B1E8E9DEA0094D9C5 /* Color */ = {
			isa = PBXGroup;
			children = (
				4AE9163C1E8E9DF00094D9C5 /* Color.swift */,
			);
			path = Color;
			sourceTree = "<group>";
		};
		4AE916421E8EE3880094D9C5 /* Font */ = {
			isa = PBXGroup;
			children = (
				4AE916431E8EE38E0094D9C5 /* Font.swift */,
			);
			path = Font;
			sourceTree = "<group>";
		};
		4AE916451E8EE3F00094D9C5 /* Label */ = {
			isa = PBXGroup;
			children = (
				4AE916461E8EE3F50094D9C5 /* Label.swift */,
				4AE916481E8EE41A0094D9C5 /* TransparentBlueLabel.swift */,
				4A0300341E90357E001B2014 /* BoldWhiteLabel.swift */,
			);
			path = Label;
			sourceTree = "<group>";
		};
		4AE9164A1E8EE58F0094D9C5 /* TextField */ = {
			isa = PBXGroup;
			children = (
				4AE9164B1E8EE5A80094D9C5 /* TextField.swift */,
				4AE9164D1E8EE5DD0094D9C5 /* DateTextField.swift */,
				4A03002B1E9030E7001B2014 /* CityTextField.swift */,
			);
			path = TextField;
			sourceTree = "<group>";
		};
		4AE9164F1E8EF1710094D9C5 /* Button */ = {
			isa = PBXGroup;
			children = (
				4AE916501E8EF1750094D9C5 /* Button.swift */,
				4AE916521E8EF1A10094D9C5 /* TransparentBorderedButton.swift */,
				4A0300181E8FF09E001B2014 /* PlusButton.swift */,
				4A03001A1E8FFB39001B2014 /* MinusButton.swift */,
				4A0300201E9009D3001B2014 /* FindButton.swift */,
			);
			path = Button;
			sourceTree = "<group>";
		};
		589E5E2A55646AC13A8D9620 /* City */ = {
			isa = PBXGroup;
			children = (
				D2DAA2066306DE9B54AEF4FE /* Assembly */,
				B325F8B7199FB1F965C94737 /* Interactor */,
				263AE6C72FB155DB480F41E8 /* Router */,
				93A41F6D71B424C4DED38334 /* Presenter */,
				4668F8A868DBD777D0424C70 /* View */,
			);
			path = City;
			sourceTree = "<group>";
		};
		617B01A46119ECEDAA19EB03 /* Classes */ = {
			isa = PBXGroup;
			children = (
				719879577ECD6E9645F2D95C /* Presentation */,
			);
			path = Classes;
			sourceTree = "<group>";
		};
		6ABBB231DF25700D692DEB44 /* Assembly */ = {
			isa = PBXGroup;
			children = (
				A001834A2C002054B85437BC /* FlightModuleInitializer.swift */,
				FD4DE5B53E86C0F6397046EA /* FlightModuleConfigurator.swift */,
			);
			path = Assembly;
			sourceTree = "<group>";
		};
		719879577ECD6E9645F2D95C /* Presentation */ = {
			isa = PBXGroup;
			children = (
				B8196BF649AE9C2CB17822C3 /* UserStories */,
			);
			path = Presentation;
			sourceTree = "<group>";
		};
		7C84B74052B97D0C820E20EC /* Presenter */ = {
			isa = PBXGroup;
			children = (
				CF5C899594AEC2D5DA6AF7B9 /* FlightPresenter.swift */,
				2B674FF4E72AEE9D371E8A15 /* FlightModuleInput.swift */,
			);
			path = Presenter;
			sourceTree = "<group>";
		};
		8D2122652CD2B04B5C2AA08A /* Presenter */ = {
			isa = PBXGroup;
			children = (
				EA4F6FB268A0F67DE467361E /* FlightPresenter.swift */,
				DB6F62D8F4D671B8295363D0 /* FlightModuleInput.swift */,
			);
			path = Presenter;
			sourceTree = "<group>";
		};
		93A41F6D71B424C4DED38334 /* Presenter */ = {
			isa = PBXGroup;
			children = (
				846874862EF557EE17DDDC5F /* CityPresenter.swift */,
				803B11A31B027800FCCAC6D7 /* CityModuleInput.swift */,
				4A0300271E9027C9001B2014 /* CityModuleOutput.swift */,
			);
			path = Presenter;
			sourceTree = "<group>";
		};
		A0C9660D8E802728FFDBD756 /* Interactor */ = {
			isa = PBXGroup;
			children = (
				F1E0ED3886C7C99701B7E517 /* FlightInteractor.swift */,
				63DA1213ECE14858B832D775 /* FlightInteractorInput.swift */,
				08CC802AE883DDFF473A3B0B /* FlightInteractorOutput.swift */,
			);
			path = Interactor;
			sourceTree = "<group>";
		};
		A8CC3BC8BA9B8D9514C79BCF /* Frameworks */ = {
			isa = PBXGroup;
			children = (
				079497B9EC83F208A00ACA3D /* Pods_utair.framework */,
			);
			name = Frameworks;
			sourceTree = "<group>";
		};
		A9299F1F3427D6F0657A2D6D /* Interactor */ = {
			isa = PBXGroup;
			children = (
				D095647239DC3A07020E156E /* FlightInteractor.swift */,
				287A26DE2ACB2A68A0E2ABA5 /* FlightInteractorInput.swift */,
				6C85DDCA82F26F17BFC878BF /* FlightInteractorOutput.swift */,
			);
			path = Interactor;
			sourceTree = "<group>";
		};
		B29939FDF342AB09199C6548 /* Pods */ = {
			isa = PBXGroup;
			children = (
				4F122DC7D8401A72C6E14631 /* Pods-utair.debug.xcconfig */,
				003F343EC78C7DDD290335D3 /* Pods-utair.release.xcconfig */,
			);
			name = Pods;
			sourceTree = "<group>";
		};
		B325F8B7199FB1F965C94737 /* Interactor */ = {
			isa = PBXGroup;
			children = (
				4E336DBD304D141C211FA75B /* CityInteractor.swift */,
				24D5F729F0391BEE5309180E /* CityInteractorInput.swift */,
				4A47080E9752968B7DB03789 /* CityInteractorOutput.swift */,
			);
			path = Interactor;
			sourceTree = "<group>";
		};
		B8196BF649AE9C2CB17822C3 /* UserStories */ = {
			isa = PBXGroup;
			children = (
				EBF3AC54FD16649339011073 /* Flight */,
			);
			path = UserStories;
			sourceTree = "<group>";
		};
		BD6E4604D622EFB4C445F0AC /* Router */ = {
			isa = PBXGroup;
			children = (
				1B820D6D73A53B60CCC990A7 /* FlightRouter.swift */,
				427DA3BDFF9236196B8DCDC9 /* FlightRouterInput.swift */,
			);
			path = Router;
			sourceTree = "<group>";
		};
		CB0DE011ED4C9FACEFE70319 /* Assembly */ = {
			isa = PBXGroup;
			children = (
				5C57A3963D8484B145ED03CA /* FlightModuleInitializer.swift */,
				08D1CEFE64A001B4CD9CFE46 /* FlightModuleConfigurator.swift */,
			);
			path = Assembly;
			sourceTree = "<group>";
		};
		D2DAA2066306DE9B54AEF4FE /* Assembly */ = {
			isa = PBXGroup;
			children = (
				EAE29B91884347E532ECDF54 /* CityModuleInitializer.swift */,
				E43B2338E4C4AD81A6A12656 /* CityModuleConfigurator.swift */,
			);
			path = Assembly;
			sourceTree = "<group>";
		};
		DD3FB3359B6AB7BC6DF76EB0 /* Flight */ = {
			isa = PBXGroup;
			children = (
				CB0DE011ED4C9FACEFE70319 /* Assembly */,
				A0C9660D8E802728FFDBD756 /* Interactor */,
				0098F81E3C48F686A667754A /* Router */,
				7C84B74052B97D0C820E20EC /* Presenter */,
				FF533BCD03AF2DFDD3FB9410 /* View */,
			);
			path = Flight;
			sourceTree = "<group>";
		};
		EBF3AC54FD16649339011073 /* Flight */ = {
			isa = PBXGroup;
			children = (
				6ABBB231DF25700D692DEB44 /* Assembly */,
				A9299F1F3427D6F0657A2D6D /* Interactor */,
				BD6E4604D622EFB4C445F0AC /* Router */,
				8D2122652CD2B04B5C2AA08A /* Presenter */,
				17FACB5FFAC9F8F220734EFC /* View */,
			);
			path = Flight;
			sourceTree = "<group>";
		};
		FF533BCD03AF2DFDD3FB9410 /* View */ = {
			isa = PBXGroup;
			children = (
				4AE9162F1E8E9AC30094D9C5 /* Cell */,
				4AE916361E8E9B130094D9C5 /* FlightAdapter.swift */,
				0CB03E00455C84E8C92388A1 /* FlightViewController.swift */,
				C67DB7CC5FD8C7DC79193347 /* FlightViewInput.swift */,
				C7F708EF064BBB8D901F61D4 /* FlightViewOutput.swift */,
			);
			path = View;
			sourceTree = "<group>";
		};
/* End PBXGroup section */

/* Begin PBXNativeTarget section */
		4AE915E21E8E8C2E0094D9C5 /* utair */ = {
			isa = PBXNativeTarget;
			buildConfigurationList = 4AE915F51E8E8C2E0094D9C5 /* Build configuration list for PBXNativeTarget "utair" */;
			buildPhases = (
				B82816E3873CBDD723B7D1EA /* [CP] Check Pods Manifest.lock */,
				4AE915DF1E8E8C2E0094D9C5 /* Sources */,
				4AE915E01E8E8C2E0094D9C5 /* Frameworks */,
				4AE915E11E8E8C2E0094D9C5 /* Resources */,
				364477DC04FF881706287A23 /* [CP] Embed Pods Frameworks */,
				F77A8A3932A10615261F7953 /* [CP] Copy Pods Resources */,
			);
			buildRules = (
			);
			dependencies = (
			);
			name = utair;
			productName = utair;
			productReference = 4AE915E31E8E8C2E0094D9C5 /* utair.app */;
			productType = "com.apple.product-type.application";
		};
/* End PBXNativeTarget section */

/* Begin PBXProject section */
		4AE915DB1E8E8C2E0094D9C5 /* Project object */ = {
			isa = PBXProject;
			attributes = {
				LastSwiftUpdateCheck = 0830;
				LastUpgradeCheck = 0830;
				ORGANIZATIONNAME = teedee;
				TargetAttributes = {
					4AE915E21E8E8C2E0094D9C5 = {
						CreatedOnToolsVersion = 8.3;
						DevelopmentTeam = QYFE8U765U;
						ProvisioningStyle = Automatic;
					};
				};
			};
			buildConfigurationList = 4AE915DE1E8E8C2E0094D9C5 /* Build configuration list for PBXProject "utair" */;
			compatibilityVersion = "Xcode 3.2";
			developmentRegion = English;
			hasScannedForEncodings = 0;
			knownRegions = (
				en,
				Base,
				ru,
			);
			mainGroup = 4AE915DA1E8E8C2E0094D9C5;
			productRefGroup = 4AE915E41E8E8C2E0094D9C5 /* Products */;
			projectDirPath = "";
			projectRoot = "";
			targets = (
				4AE915E21E8E8C2E0094D9C5 /* utair */,
			);
		};
/* End PBXProject section */

/* Begin PBXResourcesBuildPhase section */
		4AE915E11E8E8C2E0094D9C5 /* Resources */ = {
			isa = PBXResourcesBuildPhase;
			buildActionMask = 2147483647;
			files = (
				4AE916221E8E97100094D9C5 /* Localizable.strings in Resources */,
				4AE916331E8E9AEF0094D9C5 /* FlightCityTableViewCell.xib in Resources */,
				4A0300331E903532001B2014 /* CityTableViewCell.xib in Resources */,
				4AE916031E8E8CBF0094D9C5 /* LaunchScreen.storyboard in Resources */,
				4AE916411E8EE3030094D9C5 /* FlightDateTableViewCell.xib in Resources */,
				4AE916051E8E8CBF0094D9C5 /* Assets.xcassets in Resources */,
				4A03FFD51E8FD591001B2014 /* FlightPeopleTableViewCell.xib in Resources */,
				4AE916041E8E8CBF0094D9C5 /* Main.storyboard in Resources */,
			);
			runOnlyForDeploymentPostprocessing = 0;
		};
/* End PBXResourcesBuildPhase section */

/* Begin PBXShellScriptBuildPhase section */
		364477DC04FF881706287A23 /* [CP] Embed Pods Frameworks */ = {
			isa = PBXShellScriptBuildPhase;
			buildActionMask = 2147483647;
			files = (
			);
			inputPaths = (
			);
			name = "[CP] Embed Pods Frameworks";
			outputPaths = (
			);
			runOnlyForDeploymentPostprocessing = 0;
			shellPath = /bin/sh;
			shellScript = "\"${SRCROOT}/Pods/Target Support Files/Pods-utair/Pods-utair-frameworks.sh\"\n";
			showEnvVarsInLog = 0;
		};
		B82816E3873CBDD723B7D1EA /* [CP] Check Pods Manifest.lock */ = {
			isa = PBXShellScriptBuildPhase;
			buildActionMask = 2147483647;
			files = (
			);
			inputPaths = (
			);
			name = "[CP] Check Pods Manifest.lock";
			outputPaths = (
			);
			runOnlyForDeploymentPostprocessing = 0;
			shellPath = /bin/sh;
			shellScript = "diff \"${PODS_ROOT}/../Podfile.lock\" \"${PODS_ROOT}/Manifest.lock\" > /dev/null\nif [ $? != 0 ] ; then\n    # print error to STDERR\n    echo \"error: The sandbox is not in sync with the Podfile.lock. Run 'pod install' or update your CocoaPods installation.\" >&2\n    exit 1\nfi\n";
			showEnvVarsInLog = 0;
		};
		F77A8A3932A10615261F7953 /* [CP] Copy Pods Resources */ = {
			isa = PBXShellScriptBuildPhase;
			buildActionMask = 2147483647;
			files = (
			);
			inputPaths = (
			);
			name = "[CP] Copy Pods Resources";
			outputPaths = (
			);
			runOnlyForDeploymentPostprocessing = 0;
			shellPath = /bin/sh;
			shellScript = "\"${SRCROOT}/Pods/Target Support Files/Pods-utair/Pods-utair-resources.sh\"\n";
			showEnvVarsInLog = 0;
		};
/* End PBXShellScriptBuildPhase section */

/* Begin PBXSourcesBuildPhase section */
		4AE915DF1E8E8C2E0094D9C5 /* Sources */ = {
			isa = PBXSourcesBuildPhase;
			buildActionMask = 2147483647;
			files = (
				4AE916511E8EF1750094D9C5 /* Button.swift in Sources */,
				4A0300191E8FF09E001B2014 /* PlusButton.swift in Sources */,
				4A03003E1E90523A001B2014 /* DataProvider.swift in Sources */,
				4A0300421E905258001B2014 /* JSONDeserializer.swift in Sources */,
				4A03004E1E90533D001B2014 /* Dictionary+Parsing.swift in Sources */,
				4AE9160A1E8E8CFB0094D9C5 /* Blocks.swift in Sources */,
				4A0300561E90538B001B2014 /* Errors.swift in Sources */,
				4AE916021E8E8CBF0094D9C5 /* AppDelegate.swift in Sources */,
				4AE916441E8EE38F0094D9C5 /* Font.swift in Sources */,
				4A03002E1E90350E001B2014 /* CityAdapter.swift in Sources */,
				4AE9160F1E8E93220094D9C5 /* ConfigurationHolder.swift in Sources */,
				4AE916081E8E8CDD0094D9C5 /* Constants.swift in Sources */,
				4AE9163A1E8E9C230094D9C5 /* TableView.swift in Sources */,
				4A0300441E905271001B2014 /* Mapper.swift in Sources */,
				4AE916131E8E93650094D9C5 /* ModuleOutput.swift in Sources */,
				4A0300321E903532001B2014 /* CityTableViewCell.swift in Sources */,
				4A03004A1E9052DB001B2014 /* Transport.swift in Sources */,
				4A0300461E9052A9001B2014 /* MapperImpl.swift in Sources */,
				4AE9164E1E8EE5DD0094D9C5 /* DateTextField.swift in Sources */,
				4AE916151E8E93810094D9C5 /* RouterTransitionHandler.swift in Sources */,
				4A03001B1E8FFB39001B2014 /* MinusButton.swift in Sources */,
				4A0300211E9009D3001B2014 /* FindButton.swift in Sources */,
				4A03FFD41E8FD591001B2014 /* FlightPeopleTableViewCell.swift in Sources */,
				4A0300401E90524D001B2014 /* Deserializer.swift in Sources */,
				4AE9162C1E8E986C0094D9C5 /* NavigationBar.swift in Sources */,
				4AE9162E1E8E98840094D9C5 /* BlueNavigationBar.swift in Sources */,
				4A03002A1E902BDB001B2014 /* WhiteNavigationBar.swift in Sources */,
				4A0300531E905360001B2014 /* City.swift in Sources */,
				4AE9163D1E8E9DF00094D9C5 /* Color.swift in Sources */,
				4AE9161A1E8E93D80094D9C5 /* ViewController.swift in Sources */,
				4AE9164C1E8EE5A80094D9C5 /* TextField.swift in Sources */,
				4AE916371E8E9B130094D9C5 /* FlightAdapter.swift in Sources */,
				4AE916111E8E93560094D9C5 /* ModuleInput.swift in Sources */,
				4A0300581E90539A001B2014 /* Response.swift in Sources */,
				4AE916171E8E93A00094D9C5 /* RouterViewController.swift in Sources */,
				4AE916491E8EE41A0094D9C5 /* TransparentBlueLabel.swift in Sources */,
				4AE916531E8EF1A10094D9C5 /* TransparentBorderedButton.swift in Sources */,
				982AD5F0C92D3C6EFBBAC115 /* FlightModuleInitializer.swift in Sources */,
				4A0300351E90357E001B2014 /* BoldWhiteLabel.swift in Sources */,
				D32EC2AEE8D1706AB1B43616 /* FlightModuleConfigurator.swift in Sources */,
				4A0300481E9052C4001B2014 /* Request.swift in Sources */,
				4AE916471E8EE3F50094D9C5 /* Label.swift in Sources */,
				FE95030519B8BA0E37585CDE /* FlightInteractor.swift in Sources */,
				422A3A9C425D922C8538105B /* FlightInteractorInput.swift in Sources */,
				B4141DCE9470B251451B388B /* FlightInteractorOutput.swift in Sources */,
				4AE916401E8EE3030094D9C5 /* FlightDateTableViewCell.swift in Sources */,
				7B0A6D8955EA68719344E6A0 /* FlightRouter.swift in Sources */,
				4AE916291E8E97CE0094D9C5 /* String+localization.swift in Sources */,
				4AE916321E8E9AEF0094D9C5 /* FlightCityTableViewCell.swift in Sources */,
				2C1703E9C4C58C60D8C56312 /* FlightRouterInput.swift in Sources */,
				EF52E6B1AB0E692FB7752218 /* FlightPresenter.swift in Sources */,
				1805118F546AAA73DDA9A059 /* FlightModuleInput.swift in Sources */,
				B9765C8B551AF17E3E6E847C /* FlightViewController.swift in Sources */,
				E4F0AEE430B98E6CB94EE449 /* FlightViewInput.swift in Sources */,
				4A03005A1E9053A8001B2014 /* Result.swift in Sources */,
				70AEEE99591EE11CA9DBAC05 /* FlightViewOutput.swift in Sources */,
				4A0300281E9027C9001B2014 /* CityModuleOutput.swift in Sources */,
				17B119023DFD34E8978C2EB4 /* CityModuleInitializer.swift in Sources */,
				02C075BAD34A5B8556FE827E /* CityModuleConfigurator.swift in Sources */,
				4A0300541E905360001B2014 /* Entity.swift in Sources */,
				9E0A3062858EABEEADAC73E0 /* CityInteractor.swift in Sources */,
				4A03004C1E9052E5001B2014 /* TransportImpl.swift in Sources */,
				4A03002C1E9030E7001B2014 /* CityTextField.swift in Sources */,
				7F280FA98B52E4F371CBB42B /* CityInteractorInput.swift in Sources */,
				288F50E7243D1BCA5EF640D2 /* CityInteractorOutput.swift in Sources */,
				3CD15039E1D9B686B300B116 /* CityRouter.swift in Sources */,
				81BAF9E0CE1022C9AA595739 /* CityRouterInput.swift in Sources */,
				D4D22CB591E674EDDB27D216 /* CityPresenter.swift in Sources */,
				76791414B804701D00433C47 /* CityModuleInput.swift in Sources */,
				D624EBEE0B98CC9830A65511 /* CityViewController.swift in Sources */,
				76658DA2721469AB4D13C185 /* CityViewInput.swift in Sources */,
				8903A6E6C4CF1E35C3252C5B /* CityViewOutput.swift in Sources */,
				28D5BE6D99A33F21B3988539 /* CityNetworkDataProviderAssembly.swift in Sources */,
				0F69DBD0FAA48E2127522197 /* CityNetworkDataProviderAssemblyImpl.swift in Sources */,
				567282D2084E7B663FD1521F /* CityServiceAssembly.swift in Sources */,
				D07EFF05AA1346471EC3D4A2 /* CityServiceAssemblyImpl.swift in Sources */,
				0F80524A8030606562BDDA76 /* CityMapper.swift in Sources */,
				BCCB60F3F54220920B850361 /* CityMapperImpl.swift in Sources */,
				0DB4F6FF2B233469F162A9E0 /* CityRequest.swift in Sources */,
				FD6771B4D806EDD7F13F4BFA /* CityDataProvider.swift in Sources */,
				EDEC6CFE79F25C4AA88E6BDF /* CityNetworkDataProvider.swift in Sources */,
				DD447BBC4F56525A5939EEA0 /* CityService.swift in Sources */,
				2C5F2D3809787A4549FA0AB9 /* CityServiceImpl.swift in Sources */,
			);
			runOnlyForDeploymentPostprocessing = 0;
		};
/* End PBXSourcesBuildPhase section */

/* Begin PBXVariantGroup section */
		4AE916241E8E97100094D9C5 /* Localizable.strings */ = {
			isa = PBXVariantGroup;
			children = (
				4AE916231E8E97100094D9C5 /* en */,
				4AE916251E8E971F0094D9C5 /* ru */,
			);
			name = Localizable.strings;
			sourceTree = "<group>";
		};
/* End PBXVariantGroup section */

/* Begin XCBuildConfiguration section */
		4AE915F31E8E8C2E0094D9C5 /* Debug */ = {
			isa = XCBuildConfiguration;
			buildSettings = {
				ALWAYS_SEARCH_USER_PATHS = NO;
				CLANG_ANALYZER_LOCALIZABILITY_NONLOCALIZED = YES;
				CLANG_ANALYZER_NONNULL = YES;
				CLANG_ANALYZER_NUMBER_OBJECT_CONVERSION = YES_AGGRESSIVE;
				CLANG_CXX_LANGUAGE_STANDARD = "gnu++0x";
				CLANG_CXX_LIBRARY = "libc++";
				CLANG_ENABLE_MODULES = YES;
				CLANG_ENABLE_OBJC_ARC = YES;
				CLANG_WARN_BOOL_CONVERSION = YES;
				CLANG_WARN_CONSTANT_CONVERSION = YES;
				CLANG_WARN_DIRECT_OBJC_ISA_USAGE = YES_ERROR;
				CLANG_WARN_DOCUMENTATION_COMMENTS = YES;
				CLANG_WARN_EMPTY_BODY = YES;
				CLANG_WARN_ENUM_CONVERSION = YES;
				CLANG_WARN_INFINITE_RECURSION = YES;
				CLANG_WARN_INT_CONVERSION = YES;
				CLANG_WARN_OBJC_ROOT_CLASS = YES_ERROR;
				CLANG_WARN_SUSPICIOUS_MOVE = YES;
				CLANG_WARN_UNREACHABLE_CODE = YES;
				CLANG_WARN__DUPLICATE_METHOD_MATCH = YES;
				"CODE_SIGN_IDENTITY[sdk=iphoneos*]" = "iPhone Developer";
				COPY_PHASE_STRIP = NO;
				DEBUG_INFORMATION_FORMAT = dwarf;
				ENABLE_STRICT_OBJC_MSGSEND = YES;
				ENABLE_TESTABILITY = YES;
				GCC_C_LANGUAGE_STANDARD = gnu99;
				GCC_DYNAMIC_NO_PIC = NO;
				GCC_NO_COMMON_BLOCKS = YES;
				GCC_OPTIMIZATION_LEVEL = 0;
				GCC_PREPROCESSOR_DEFINITIONS = (
					"DEBUG=1",
					"$(inherited)",
				);
				GCC_WARN_64_TO_32_BIT_CONVERSION = YES;
				GCC_WARN_ABOUT_RETURN_TYPE = YES_ERROR;
				GCC_WARN_UNDECLARED_SELECTOR = YES;
				GCC_WARN_UNINITIALIZED_AUTOS = YES_AGGRESSIVE;
				GCC_WARN_UNUSED_FUNCTION = YES;
				GCC_WARN_UNUSED_VARIABLE = YES;
				IPHONEOS_DEPLOYMENT_TARGET = 9.0;
				MTL_ENABLE_DEBUG_INFO = YES;
				ONLY_ACTIVE_ARCH = YES;
				SDKROOT = iphoneos;
				SWIFT_ACTIVE_COMPILATION_CONDITIONS = DEBUG;
				SWIFT_OPTIMIZATION_LEVEL = "-Onone";
			};
			name = Debug;
		};
		4AE915F41E8E8C2E0094D9C5 /* Release */ = {
			isa = XCBuildConfiguration;
			buildSettings = {
				ALWAYS_SEARCH_USER_PATHS = NO;
				CLANG_ANALYZER_LOCALIZABILITY_NONLOCALIZED = YES;
				CLANG_ANALYZER_NONNULL = YES;
				CLANG_ANALYZER_NUMBER_OBJECT_CONVERSION = YES_AGGRESSIVE;
				CLANG_CXX_LANGUAGE_STANDARD = "gnu++0x";
				CLANG_CXX_LIBRARY = "libc++";
				CLANG_ENABLE_MODULES = YES;
				CLANG_ENABLE_OBJC_ARC = YES;
				CLANG_WARN_BOOL_CONVERSION = YES;
				CLANG_WARN_CONSTANT_CONVERSION = YES;
				CLANG_WARN_DIRECT_OBJC_ISA_USAGE = YES_ERROR;
				CLANG_WARN_DOCUMENTATION_COMMENTS = YES;
				CLANG_WARN_EMPTY_BODY = YES;
				CLANG_WARN_ENUM_CONVERSION = YES;
				CLANG_WARN_INFINITE_RECURSION = YES;
				CLANG_WARN_INT_CONVERSION = YES;
				CLANG_WARN_OBJC_ROOT_CLASS = YES_ERROR;
				CLANG_WARN_SUSPICIOUS_MOVE = YES;
				CLANG_WARN_UNREACHABLE_CODE = YES;
				CLANG_WARN__DUPLICATE_METHOD_MATCH = YES;
				"CODE_SIGN_IDENTITY[sdk=iphoneos*]" = "iPhone Developer";
				COPY_PHASE_STRIP = NO;
				DEBUG_INFORMATION_FORMAT = "dwarf-with-dsym";
				ENABLE_NS_ASSERTIONS = NO;
				ENABLE_STRICT_OBJC_MSGSEND = YES;
				GCC_C_LANGUAGE_STANDARD = gnu99;
				GCC_NO_COMMON_BLOCKS = YES;
				GCC_WARN_64_TO_32_BIT_CONVERSION = YES;
				GCC_WARN_ABOUT_RETURN_TYPE = YES_ERROR;
				GCC_WARN_UNDECLARED_SELECTOR = YES;
				GCC_WARN_UNINITIALIZED_AUTOS = YES_AGGRESSIVE;
				GCC_WARN_UNUSED_FUNCTION = YES;
				GCC_WARN_UNUSED_VARIABLE = YES;
				IPHONEOS_DEPLOYMENT_TARGET = 9.0;
				MTL_ENABLE_DEBUG_INFO = NO;
				SDKROOT = iphoneos;
				SWIFT_OPTIMIZATION_LEVEL = "-Owholemodule";
				VALIDATE_PRODUCT = YES;
			};
			name = Release;
		};
		4AE915F61E8E8C2E0094D9C5 /* Debug */ = {
			isa = XCBuildConfiguration;
			baseConfigurationReference = 4F122DC7D8401A72C6E14631 /* Pods-utair.debug.xcconfig */;
			buildSettings = {
				ASSETCATALOG_COMPILER_APPICON_NAME = AppIcon;
				DEVELOPMENT_TEAM = QYFE8U765U;
				INFOPLIST_FILE = "$(SRCROOT)/utair/SupportingFiles/Info.plist";
				LD_RUNPATH_SEARCH_PATHS = "$(inherited) @executable_path/Frameworks";
				PRODUCT_BUNDLE_IDENTIFIER = ru.teedee.utair;
				PRODUCT_NAME = "$(TARGET_NAME)";
				SWIFT_VERSION = 3.0;
			};
			name = Debug;
		};
		4AE915F71E8E8C2E0094D9C5 /* Release */ = {
			isa = XCBuildConfiguration;
			baseConfigurationReference = 003F343EC78C7DDD290335D3 /* Pods-utair.release.xcconfig */;
			buildSettings = {
				ASSETCATALOG_COMPILER_APPICON_NAME = AppIcon;
				DEVELOPMENT_TEAM = QYFE8U765U;
				INFOPLIST_FILE = "$(SRCROOT)/utair/SupportingFiles/Info.plist";
				LD_RUNPATH_SEARCH_PATHS = "$(inherited) @executable_path/Frameworks";
				PRODUCT_BUNDLE_IDENTIFIER = ru.teedee.utair;
				PRODUCT_NAME = "$(TARGET_NAME)";
				SWIFT_VERSION = 3.0;
			};
			name = Release;
		};
/* End XCBuildConfiguration section */

/* Begin XCConfigurationList section */
		4AE915DE1E8E8C2E0094D9C5 /* Build configuration list for PBXProject "utair" */ = {
			isa = XCConfigurationList;
			buildConfigurations = (
				4AE915F31E8E8C2E0094D9C5 /* Debug */,
				4AE915F41E8E8C2E0094D9C5 /* Release */,
			);
			defaultConfigurationIsVisible = 0;
			defaultConfigurationName = Release;
		};
		4AE915F51E8E8C2E0094D9C5 /* Build configuration list for PBXNativeTarget "utair" */ = {
			isa = XCConfigurationList;
			buildConfigurations = (
				4AE915F61E8E8C2E0094D9C5 /* Debug */,
				4AE915F71E8E8C2E0094D9C5 /* Release */,
			);
			defaultConfigurationIsVisible = 0;
			defaultConfigurationName = Release;
		};
/* End XCConfigurationList section */
	};
	rootObject = 4AE915DB1E8E8C2E0094D9C5 /* Project object */;
}
